// !$*UTF8*$!
{
	archiveVersion = 1;
	classes = {
	};
	objectVersion = 46;
	objects = {

/* Begin PBXBuildFile section */
		0ABBFADC1693B9C197E086A1 /* LibreLoopCGMManager+Observers.swift in Sources */ = {isa = PBXBuildFile; fileRef = 8452088B6268131D8F7114FE /* LibreLoopCGMManager+Observers.swift */; };
		0BD449348D3A37F39E5E32DB /* LibreLoopPairingService.swift in Sources */ = {isa = PBXBuildFile; fileRef = 0070D952DE76BD31DE1370E1 /* LibreLoopPairingService.swift */; };
		1230B290A140EF5E41B41D27 /* LibreLoop.framework in Embed Frameworks */ = {isa = PBXBuildFile; fileRef = D6AEB8ABDC86115FE33BA32C /* LibreLoop.framework */; settings = {ATTRIBUTES = (CodeSignOnCopy, RemoveHeadersOnCopy, ); }; };
		1A4982D92949386D954F273B /* LibreLoopLifecycleBar.swift in Sources */ = {isa = PBXBuildFile; fileRef = 2428756BA5E08BDD15379DDA /* LibreLoopLifecycleBar.swift */; };
		1EAB0EE447DFB31CA9CBF135 /* LibreLoopUICoordinator.swift in Sources */ = {isa = PBXBuildFile; fileRef = 8A10F29A35971353333E9064 /* LibreLoopUICoordinator.swift */; };
		20C4F6A2A8380D39558FA97C /* LibreLoopGlucoseSample.swift in Sources */ = {isa = PBXBuildFile; fileRef = 4085CCFB84DDC03915D91D58 /* LibreLoopGlucoseSample.swift */; };
		20C94ADAF8925B373E51AF94 /* LibreLoopApplySensorView.swift in Sources */ = {isa = PBXBuildFile; fileRef = 2A9C3AF1D23EC9195402B7F5 /* LibreLoopApplySensorView.swift */; };
		215DA0295F6D024F90A01632 /* LibreLoopSettingsView.swift in Sources */ = {isa = PBXBuildFile; fileRef = 100CE735F47D57B5FA7413C8 /* LibreLoopSettingsView.swift */; };
		24F3D8F39CC6FDA2001408F2 /* LibreLoop.framework in Frameworks */ = {isa = PBXBuildFile; fileRef = D6AEB8ABDC86115FE33BA32C /* LibreLoop.framework */; };
		25E4D12BE3914B4768E893C0 /* phone_cert_162b.bin in Resources */ = {isa = PBXBuildFile; fileRef = DD3BAAE0AF2C21CE626E59EF /* phone_cert_162b.bin */; };
		331932831902A2F27E0086EE /* LibreLoopUI.framework in Embed Frameworks */ = {isa = PBXBuildFile; fileRef = B3C3362F1B2A912F1258967D /* LibreLoopUI.framework */; settings = {ATTRIBUTES = (CodeSignOnCopy, RemoveHeadersOnCopy, ); }; };
		34D264324310C36199A86792 /* Foundation.framework in Frameworks */ = {isa = PBXBuildFile; fileRef = 388DFC296D676B5BEFE44613 /* Foundation.framework */; };
		38F2181DA33C69244A5F08C1 /* LibreLoopCGMManagerStateTests.swift in Sources */ = {isa = PBXBuildFile; fileRef = 4144FA7C50237817428A018A /* LibreLoopCGMManagerStateTests.swift */; };
		390C03E85584273C8F9DA1CA /* LibreLoopRecoveryView.swift in Sources */ = {isa = PBXBuildFile; fileRef = 33CFBAA5CAD1D22D046B22FB /* LibreLoopRecoveryView.swift */; };
		3A50C27426990E0C7FFD7DEA /* LibreLoop.framework in Frameworks */ = {isa = PBXBuildFile; fileRef = D6AEB8ABDC86115FE33BA32C /* LibreLoop.framework */; };
		411D668B5F341A37809E7E62 /* LoopKit.framework in Frameworks */ = {isa = PBXBuildFile; fileRef = B95312B4D2E8CF8CF391AAC3 /* LoopKit.framework */; };
		457AD097E357CE2BCA8F31A7 /* Foundation.framework in Frameworks */ = {isa = PBXBuildFile; fileRef = 388DFC296D676B5BEFE44613 /* Foundation.framework */; };
		461B3D7C97359D9104907C77 /* LibreLoopCGMManager+Pairing.swift in Sources */ = {isa = PBXBuildFile; fileRef = A74FE37D1C0618434D7960C7 /* LibreLoopCGMManager+Pairing.swift */; };
		4910551BD8245BA3D4FA065C /* LibreCRKit in Frameworks */ = {isa = PBXBuildFile; productRef = 5060451D8875EE84A2C2EE70 /* LibreCRKit */; };
		69424DB4D71C688EDA436636 /* Foundation.framework in Frameworks */ = {isa = PBXBuildFile; fileRef = 388DFC296D676B5BEFE44613 /* Foundation.framework */; };
		6FFB5D8140E94F1533EE5855 /* LibreLoopScanHelpPagerView.swift in Sources */ = {isa = PBXBuildFile; fileRef = E32E882B939E1BC48A40A4C7 /* LibreLoopScanHelpPagerView.swift */; };
		738C370EFFDD9AF1FB8A6DF7 /* LibreLoopSensorLifecycle.swift in Sources */ = {isa = PBXBuildFile; fileRef = F542F832162426A5F0EC9210 /* LibreLoopSensorLifecycle.swift */; };
		78FC2DE3AA50ED0F525A69E9 /* LibreLoopPlugin.swift in Sources */ = {isa = PBXBuildFile; fileRef = 8AE6ED876ADB4247B025A77B /* LibreLoopPlugin.swift */; };
		79AC59290A75B4E47D90733C /* LibreLoopApplyHelpPagerView.swift in Sources */ = {isa = PBXBuildFile; fileRef = 1557E0B65574E189DBD7B0DA /* LibreLoopApplyHelpPagerView.swift */; };
		8360FC3C2ACF4C68DB3E7F15 /* LibreLoopCGMManagerState.swift in Sources */ = {isa = PBXBuildFile; fileRef = 46D8E8DDDB5204E5C08C788E /* LibreLoopCGMManagerState.swift */; };
		9308125A660BC4A88968B662 /* LoopKitUI.framework in Frameworks */ = {isa = PBXBuildFile; fileRef = 71884901E8DB73722D32ADAB /* LoopKitUI.framework */; };
		937F0BB79ACF4393CF5F45CE /* LibreLoop.framework in Frameworks */ = {isa = PBXBuildFile; fileRef = D6AEB8ABDC86115FE33BA32C /* LibreLoop.framework */; };
		9996E24298FE449E27A307DC /* HKUnit.swift in Sources */ = {isa = PBXBuildFile; fileRef = 7DBE3AE66BACEED082C2D546 /* HKUnit.swift */; };
		9A362C00EFFBFE0207A6E867 /* LibreLoopKeychain.swift in Sources */ = {isa = PBXBuildFile; fileRef = DEAFE6C464DF655109797AA2 /* LibreLoopKeychain.swift */; };
		A7DBC23B1AD8DBF8C5B9D287 /* LibreLoopCGMManager+UI.swift in Sources */ = {isa = PBXBuildFile; fileRef = FEACB01B83CC3A11F1B5007B /* LibreLoopCGMManager+UI.swift */; };
		A824B4A4F5CD70D5B01A4C82 /* LibreLoopPairingProgressView.swift in Sources */ = {isa = PBXBuildFile; fileRef = EA121B4A21D6D034B2924357 /* LibreLoopPairingProgressView.swift */; };
		A88C715A4341F74AEE7B5CF2 /* LibreLoopScanSensorView.swift in Sources */ = {isa = PBXBuildFile; fileRef = DEB7AB0D9CA13D06215D8CCA /* LibreLoopScanSensorView.swift */; };
		B39EE3DAFF4E58957E13020F /* LibreLoopUI.framework in Frameworks */ = {isa = PBXBuildFile; fileRef = B3C3362F1B2A912F1258967D /* LibreLoopUI.framework */; };
		B7AADA04930C2D1D69F75DEA /* LibreLoopPairingViewModel.swift in Sources */ = {isa = PBXBuildFile; fileRef = 4ED373C572771BE2E84D912A /* LibreLoopPairingViewModel.swift */; };
		BCE60BF7AB38047FADECD5C7 /* LibreLoopSensorMonitor.swift in Sources */ = {isa = PBXBuildFile; fileRef = F703124FB1A46C5B198F6325 /* LibreLoopSensorMonitor.swift */; };
		C598F432366029891C73E423 /* LibreCRKit_LibreCRKit.bundle in Resources */ = {isa = PBXBuildFile; fileRef = 69D27B2C9AA44B9C21FE07AA /* LibreCRKit_LibreCRKit.bundle */; };
		CE1C32FC5EE93595B198B30B /* LoopKitUI.framework in Frameworks */ = {isa = PBXBuildFile; fileRef = 71884901E8DB73722D32ADAB /* LoopKitUI.framework */; };
		D1D783767818B2808146B3C6 /* LibreLoopFileLogger.swift in Sources */ = {isa = PBXBuildFile; fileRef = 5A076F1337DD8ED12504AB7B /* LibreLoopFileLogger.swift */; };
		D6ABE4066E1753B4AE2E97F5 /* Foundation.framework in Frameworks */ = {isa = PBXBuildFile; fileRef = 388DFC296D676B5BEFE44613 /* Foundation.framework */; };
		E10B7E7458A91320780ADD2E /* LoopKit.framework in Frameworks */ = {isa = PBXBuildFile; fileRef = B95312B4D2E8CF8CF391AAC3 /* LoopKit.framework */; };
		F3EC60356F0D7FED4D06CF33 /* LibreLoopCGMManager.swift in Sources */ = {isa = PBXBuildFile; fileRef = 374B143DAEA016D4B7F94587 /* LibreLoopCGMManager.swift */; };
		FA33C4924C4390824B9EC2FB /* LoopKit.framework in Frameworks */ = {isa = PBXBuildFile; fileRef = B95312B4D2E8CF8CF391AAC3 /* LoopKit.framework */; };
/* End PBXBuildFile section */

/* Begin PBXContainerItemProxy section */
		8A9E0DB827C977C400EA8024 /* PBXContainerItemProxy */ = {
			isa = PBXContainerItemProxy;
			containerPortal = 3B4B2E98CBE2F3195601250A /* Project object */;
			proxyType = 1;
			remoteGlobalIDString = 33D8D4A72CA19C7891308C07;
			remoteInfo = LibreLoop;
		};
		8B53EEBF07B524982CD88550 /* PBXContainerItemProxy */ = {
			isa = PBXContainerItemProxy;
			containerPortal = 3B4B2E98CBE2F3195601250A /* Project object */;
			proxyType = 1;
			remoteGlobalIDString = 497DD3917D775AF3C8964504;
			remoteInfo = LibreLoopUI;
		};
		CCAC2CF48557879D1FFEBBA0 /* PBXContainerItemProxy */ = {
			isa = PBXContainerItemProxy;
			containerPortal = 3B4B2E98CBE2F3195601250A /* Project object */;
			proxyType = 1;
			remoteGlobalIDString = 33D8D4A72CA19C7891308C07;
			remoteInfo = LibreLoop;
		};
		CE737BE7813BA93E8236D578 /* PBXContainerItemProxy */ = {
			isa = PBXContainerItemProxy;
			containerPortal = 3B4B2E98CBE2F3195601250A /* Project object */;
			proxyType = 1;
			remoteGlobalIDString = 33D8D4A72CA19C7891308C07;
			remoteInfo = LibreLoop;
		};
/* End PBXContainerItemProxy section */

/* Begin PBXCopyFilesBuildPhase section */
		96A94EFDFD433EF591395486 /* Embed Frameworks */ = {
			isa = PBXCopyFilesBuildPhase;
			buildActionMask = 2147483647;
			dstPath = "";
			dstSubfolderSpec = 10;
			files = (
				1230B290A140EF5E41B41D27 /* LibreLoop.framework in Embed Frameworks */,
				331932831902A2F27E0086EE /* LibreLoopUI.framework in Embed Frameworks */,
			);
			name = "Embed Frameworks";
			runOnlyForDeploymentPostprocessing = 0;
		};
/* End PBXCopyFilesBuildPhase section */

/* Begin PBXFileReference section */
		0070D952DE76BD31DE1370E1 /* LibreLoopPairingService.swift */ = {isa = PBXFileReference; includeInIndex = 1; lastKnownFileType = sourcecode.swift; path = LibreLoopPairingService.swift; sourceTree = "<group>"; };
		100CE735F47D57B5FA7413C8 /* LibreLoopSettingsView.swift */ = {isa = PBXFileReference; includeInIndex = 1; lastKnownFileType = sourcecode.swift; path = LibreLoopSettingsView.swift; sourceTree = "<group>"; };
		1557E0B65574E189DBD7B0DA /* LibreLoopApplyHelpPagerView.swift */ = {isa = PBXFileReference; includeInIndex = 1; lastKnownFileType = sourcecode.swift; path = LibreLoopApplyHelpPagerView.swift; sourceTree = "<group>"; };
		2428756BA5E08BDD15379DDA /* LibreLoopLifecycleBar.swift */ = {isa = PBXFileReference; includeInIndex = 1; lastKnownFileType = sourcecode.swift; path = LibreLoopLifecycleBar.swift; sourceTree = "<group>"; };
		2A9C3AF1D23EC9195402B7F5 /* LibreLoopApplySensorView.swift */ = {isa = PBXFileReference; includeInIndex = 1; lastKnownFileType = sourcecode.swift; path = LibreLoopApplySensorView.swift; sourceTree = "<group>"; };
		33CFBAA5CAD1D22D046B22FB /* LibreLoopRecoveryView.swift */ = {isa = PBXFileReference; includeInIndex = 1; lastKnownFileType = sourcecode.swift; path = LibreLoopRecoveryView.swift; sourceTree = "<group>"; };
		34F44E0662CB49936E0AA2D0 /* Info.plist */ = {isa = PBXFileReference; includeInIndex = 1; lastKnownFileType = text.plist.xml; path = Info.plist; sourceTree = "<group>"; };
		374B143DAEA016D4B7F94587 /* LibreLoopCGMManager.swift */ = {isa = PBXFileReference; includeInIndex = 1; lastKnownFileType = sourcecode.swift; path = LibreLoopCGMManager.swift; sourceTree = "<group>"; };
		388DFC296D676B5BEFE44613 /* Foundation.framework */ = {isa = PBXFileReference; lastKnownFileType = wrapper.framework; name = Foundation.framework; path = Platforms/iPhoneOS.platform/Developer/SDKs/iPhoneOS18.0.sdk/System/Library/Frameworks/Foundation.framework; sourceTree = DEVELOPER_DIR; };
		4085CCFB84DDC03915D91D58 /* LibreLoopGlucoseSample.swift */ = {isa = PBXFileReference; includeInIndex = 1; lastKnownFileType = sourcecode.swift; path = LibreLoopGlucoseSample.swift; sourceTree = "<group>"; };
		4144FA7C50237817428A018A /* LibreLoopCGMManagerStateTests.swift */ = {isa = PBXFileReference; includeInIndex = 1; lastKnownFileType = sourcecode.swift; path = LibreLoopCGMManagerStateTests.swift; sourceTree = "<group>"; };
		4583D27239600CF4752BE291 /* LICENSE */ = {isa = PBXFileReference; includeInIndex = 1; path = LICENSE; sourceTree = "<group>"; };
		46D8E8DDDB5204E5C08C788E /* LibreLoopCGMManagerState.swift */ = {isa = PBXFileReference; includeInIndex = 1; lastKnownFileType = sourcecode.swift; path = LibreLoopCGMManagerState.swift; sourceTree = "<group>"; };
		4ED373C572771BE2E84D912A /* LibreLoopPairingViewModel.swift */ = {isa = PBXFileReference; includeInIndex = 1; lastKnownFileType = sourcecode.swift; path = LibreLoopPairingViewModel.swift; sourceTree = "<group>"; };
		5A076F1337DD8ED12504AB7B /* LibreLoopFileLogger.swift */ = {isa = PBXFileReference; includeInIndex = 1; lastKnownFileType = sourcecode.swift; path = LibreLoopFileLogger.swift; sourceTree = "<group>"; };
		668DBCA7596C373BD2E83E51 /* README.md */ = {isa = PBXFileReference; includeInIndex = 1; path = README.md; sourceTree = "<group>"; };
		69D27B2C9AA44B9C21FE07AA /* LibreCRKit_LibreCRKit.bundle */ = {isa = PBXFileReference; includeInIndex = 0; lastKnownFileType = wrapper.cfbundle; path = LibreCRKit_LibreCRKit.bundle; sourceTree = BUILT_PRODUCTS_DIR; };
		71884901E8DB73722D32ADAB /* LoopKitUI.framework */ = {isa = PBXFileReference; includeInIndex = 0; lastKnownFileType = wrapper.framework; path = LoopKitUI.framework; sourceTree = BUILT_PRODUCTS_DIR; };
		7DBE3AE66BACEED082C2D546 /* HKUnit.swift */ = {isa = PBXFileReference; includeInIndex = 1; lastKnownFileType = sourcecode.swift; path = HKUnit.swift; sourceTree = "<group>"; };
		8452088B6268131D8F7114FE /* LibreLoopCGMManager+Observers.swift */ = {isa = PBXFileReference; includeInIndex = 1; lastKnownFileType = sourcecode.swift; path = "LibreLoopCGMManager+Observers.swift"; sourceTree = "<group>"; };
		8A10F29A35971353333E9064 /* LibreLoopUICoordinator.swift */ = {isa = PBXFileReference; includeInIndex = 1; lastKnownFileType = sourcecode.swift; path = LibreLoopUICoordinator.swift; sourceTree = "<group>"; };
		8AE6ED876ADB4247B025A77B /* LibreLoopPlugin.swift */ = {isa = PBXFileReference; includeInIndex = 1; lastKnownFileType = sourcecode.swift; path = LibreLoopPlugin.swift; sourceTree = "<group>"; };
		A74FE37D1C0618434D7960C7 /* LibreLoopCGMManager+Pairing.swift */ = {isa = PBXFileReference; includeInIndex = 1; lastKnownFileType = sourcecode.swift; path = "LibreLoopCGMManager+Pairing.swift"; sourceTree = "<group>"; };
		B3C3362F1B2A912F1258967D /* LibreLoopUI.framework */ = {isa = PBXFileReference; explicitFileType = wrapper.framework; includeInIndex = 0; path = LibreLoopUI.framework; sourceTree = BUILT_PRODUCTS_DIR; };
		B6755F8D75BCCBCCF619B34D /* LibreLoopPlugin.framework */ = {isa = PBXFileReference; explicitFileType = wrapper.framework; includeInIndex = 0; path = LibreLoopPlugin.framework; sourceTree = BUILT_PRODUCTS_DIR; };
		B95312B4D2E8CF8CF391AAC3 /* LoopKit.framework */ = {isa = PBXFileReference; includeInIndex = 0; lastKnownFileType = wrapper.framework; path = LoopKit.framework; sourceTree = BUILT_PRODUCTS_DIR; };
		D6AEB8ABDC86115FE33BA32C /* LibreLoop.framework */ = {isa = PBXFileReference; explicitFileType = wrapper.framework; includeInIndex = 0; path = LibreLoop.framework; sourceTree = BUILT_PRODUCTS_DIR; };
		DD3BAAE0AF2C21CE626E59EF /* phone_cert_162b.bin */ = {isa = PBXFileReference; includeInIndex = 1; path = phone_cert_162b.bin; sourceTree = "<group>"; };
		DD5BA17BB5126A8AF8899C27 /* LibreLoopTests.xctest */ = {isa = PBXFileReference; explicitFileType = wrapper.cfbundle; includeInIndex = 0; path = LibreLoopTests.xctest; sourceTree = BUILT_PRODUCTS_DIR; };
		DEAFE6C464DF655109797AA2 /* LibreLoopKeychain.swift */ = {isa = PBXFileReference; includeInIndex = 1; lastKnownFileType = sourcecode.swift; path = LibreLoopKeychain.swift; sourceTree = "<group>"; };
		DEB7AB0D9CA13D06215D8CCA /* LibreLoopScanSensorView.swift */ = {isa = PBXFileReference; includeInIndex = 1; lastKnownFileType = sourcecode.swift; path = LibreLoopScanSensorView.swift; sourceTree = "<group>"; };
		E32E882B939E1BC48A40A4C7 /* LibreLoopScanHelpPagerView.swift */ = {isa = PBXFileReference; includeInIndex = 1; lastKnownFileType = sourcecode.swift; path = LibreLoopScanHelpPagerView.swift; sourceTree = "<group>"; };
		EA121B4A21D6D034B2924357 /* LibreLoopPairingProgressView.swift */ = {isa = PBXFileReference; includeInIndex = 1; lastKnownFileType = sourcecode.swift; path = LibreLoopPairingProgressView.swift; sourceTree = "<group>"; };
		F3E27391F00192D1B8546B20 /* XCTest.framework */ = {isa = PBXFileReference; lastKnownFileType = wrapper.framework; path = Platforms/iPhoneOS.platform/Developer/Library/Frameworks/XCTest.framework; sourceTree = DEVELOPER_DIR; };
		F542F832162426A5F0EC9210 /* LibreLoopSensorLifecycle.swift */ = {isa = PBXFileReference; includeInIndex = 1; lastKnownFileType = sourcecode.swift; path = LibreLoopSensorLifecycle.swift; sourceTree = "<group>"; };
		F703124FB1A46C5B198F6325 /* LibreLoopSensorMonitor.swift */ = {isa = PBXFileReference; includeInIndex = 1; lastKnownFileType = sourcecode.swift; path = LibreLoopSensorMonitor.swift; sourceTree = "<group>"; };
		FEACB01B83CC3A11F1B5007B /* LibreLoopCGMManager+UI.swift */ = {isa = PBXFileReference; includeInIndex = 1; lastKnownFileType = sourcecode.swift; path = "LibreLoopCGMManager+UI.swift"; sourceTree = "<group>"; };
/* End PBXFileReference section */

/* Begin PBXFrameworksBuildPhase section */
		30E65382E2928EA728B88CF3 /* Frameworks */ = {
			isa = PBXFrameworksBuildPhase;
			buildActionMask = 2147483647;
			files = (
				457AD097E357CE2BCA8F31A7 /* Foundation.framework in Frameworks */,
				24F3D8F39CC6FDA2001408F2 /* LibreLoop.framework in Frameworks */,
				FA33C4924C4390824B9EC2FB /* LoopKit.framework in Frameworks */,
				CE1C32FC5EE93595B198B30B /* LoopKitUI.framework in Frameworks */,
			);
			runOnlyForDeploymentPostprocessing = 0;
		};
		51971BC15269E946DE3FAC8E /* Frameworks */ = {
			isa = PBXFrameworksBuildPhase;
			buildActionMask = 2147483647;
			files = (
				69424DB4D71C688EDA436636 /* Foundation.framework in Frameworks */,
				3A50C27426990E0C7FFD7DEA /* LibreLoop.framework in Frameworks */,
				B39EE3DAFF4E58957E13020F /* LibreLoopUI.framework in Frameworks */,
				411D668B5F341A37809E7E62 /* LoopKit.framework in Frameworks */,
				9308125A660BC4A88968B662 /* LoopKitUI.framework in Frameworks */,
			);
			runOnlyForDeploymentPostprocessing = 0;
		};
		9F81066DBD4BBCF7296172CC /* Frameworks */ = {
			isa = PBXFrameworksBuildPhase;
			buildActionMask = 2147483647;
			files = (
				34D264324310C36199A86792 /* Foundation.framework in Frameworks */,
				937F0BB79ACF4393CF5F45CE /* LibreLoop.framework in Frameworks */,
			);
			runOnlyForDeploymentPostprocessing = 0;
		};
		C62F620A0F6B5C3F2BF718C1 /* Frameworks */ = {
			isa = PBXFrameworksBuildPhase;
			buildActionMask = 2147483647;
			files = (
				D6ABE4066E1753B4AE2E97F5 /* Foundation.framework in Frameworks */,
				E10B7E7458A91320780ADD2E /* LoopKit.framework in Frameworks */,
				4910551BD8245BA3D4FA065C /* LibreCRKit in Frameworks */,
			);
			runOnlyForDeploymentPostprocessing = 0;
		};
/* End PBXFrameworksBuildPhase section */

/* Begin PBXGroup section */
		03DC5A7CE75CE39EBEB70ECC /* iOS */ = {
			isa = PBXGroup;
			children = (
				388DFC296D676B5BEFE44613 /* Foundation.framework */,
			);
			name = iOS;
			sourceTree = "<group>";
		};
		0407CEE47417C29EC03B5527 /* LibreLoopTests */ = {
			isa = PBXGroup;
			children = (
				4144FA7C50237817428A018A /* LibreLoopCGMManagerStateTests.swift */,
			);
			name = LibreLoopTests;
			path = LibreLoopTests;
			sourceTree = "<group>";
		};
		042D753178B1F4A589964D73 /* Sensor */ = {
			isa = PBXGroup;
			children = (
				4085CCFB84DDC03915D91D58 /* LibreLoopGlucoseSample.swift */,
				F542F832162426A5F0EC9210 /* LibreLoopSensorLifecycle.swift */,
				F703124FB1A46C5B198F6325 /* LibreLoopSensorMonitor.swift */,
			);
			name = Sensor;
			path = Sensor;
			sourceTree = "<group>";
		};
		0C30A92F257BE8860BF81535 /* Pairing */ = {
			isa = PBXGroup;
			children = (
				A74FE37D1C0618434D7960C7 /* LibreLoopCGMManager+Pairing.swift */,
				DEAFE6C464DF655109797AA2 /* LibreLoopKeychain.swift */,
				0070D952DE76BD31DE1370E1 /* LibreLoopPairingService.swift */,
			);
			name = Pairing;
			path = Pairing;
			sourceTree = "<group>";
		};
		2C220091F0A5EAD6097AB9F5 /* LibreLoopUI */ = {
			isa = PBXGroup;
			children = (
				4FED474A2ABC259CACD041B0 /* LibreLoopCGMManager */,
				3FDD0786D04929F48C073629 /* Pairing */,
				DBF8D91D9FB4820963051917 /* Views */,
			);
			name = LibreLoopUI;
			path = LibreLoopUI;
			sourceTree = "<group>";
		};
		31461C93707E9850DBE00F9A /* Common */ = {
			isa = PBXGroup;
			children = (
				7DBE3AE66BACEED082C2D546 /* HKUnit.swift */,
				5A076F1337DD8ED12504AB7B /* LibreLoopFileLogger.swift */,
			);
			name = Common;
			path = Common;
			sourceTree = "<group>";
		};
		3FDD0786D04929F48C073629 /* Pairing */ = {
			isa = PBXGroup;
			children = (
				EA121B4A21D6D034B2924357 /* LibreLoopPairingProgressView.swift */,
				4ED373C572771BE2E84D912A /* LibreLoopPairingViewModel.swift */,
			);
			name = Pairing;
			path = Pairing;
			sourceTree = "<group>";
		};
		4FED474A2ABC259CACD041B0 /* LibreLoopCGMManager */ = {
			isa = PBXGroup;
			children = (
				FEACB01B83CC3A11F1B5007B /* LibreLoopCGMManager+UI.swift */,
				8A10F29A35971353333E9064 /* LibreLoopUICoordinator.swift */,
			);
			name = LibreLoopCGMManager;
			path = LibreLoopCGMManager;
			sourceTree = "<group>";
		};
		7318A176857D6C2062B684E2 /* Frameworks */ = {
			isa = PBXGroup;
			children = (
				B95312B4D2E8CF8CF391AAC3 /* LoopKit.framework */,
				71884901E8DB73722D32ADAB /* LoopKitUI.framework */,
				F3E27391F00192D1B8546B20 /* XCTest.framework */,
				03DC5A7CE75CE39EBEB70ECC /* iOS */,
				69D27B2C9AA44B9C21FE07AA /* LibreCRKit_LibreCRKit.bundle */,
			);
			name = Frameworks;
			sourceTree = "<group>";
		};
		73E8E7F10C6CD7CB6CF666F7 /* Products */ = {
			isa = PBXGroup;
			children = (
				D6AEB8ABDC86115FE33BA32C /* LibreLoop.framework */,
				B3C3362F1B2A912F1258967D /* LibreLoopUI.framework */,
				B6755F8D75BCCBCCF619B34D /* LibreLoopPlugin.framework */,
				DD5BA17BB5126A8AF8899C27 /* LibreLoopTests.xctest */,
			);
			name = Products;
			sourceTree = "<group>";
		};
		8C7B1DAAED423449FA93A02C /* Resources */ = {
			isa = PBXGroup;
			children = (
				DD3BAAE0AF2C21CE626E59EF /* phone_cert_162b.bin */,
			);
			name = Resources;
			path = LibreLoop/Resources;
			sourceTree = SOURCE_ROOT;
		};
		8F8D9471B7E570247FAA46EA /* LibreLoopPlugin */ = {
			isa = PBXGroup;
			children = (
				8AE6ED876ADB4247B025A77B /* LibreLoopPlugin.swift */,
				34F44E0662CB49936E0AA2D0 /* Info.plist */,
			);
			name = LibreLoopPlugin;
			path = LibreLoopPlugin;
			sourceTree = "<group>";
		};
		AD6958DE7CAA33FAF0BB700B = {
			isa = PBXGroup;
			children = (
				73E8E7F10C6CD7CB6CF666F7 /* Products */,
				7318A176857D6C2062B684E2 /* Frameworks */,
				DEF9B044D140F63CBC09F9E8 /* LibreLoop */,
				2C220091F0A5EAD6097AB9F5 /* LibreLoopUI */,
				8F8D9471B7E570247FAA46EA /* LibreLoopPlugin */,
				0407CEE47417C29EC03B5527 /* LibreLoopTests */,
				4583D27239600CF4752BE291 /* LICENSE */,
				668DBCA7596C373BD2E83E51 /* README.md */,
			);
			sourceTree = "<group>";
		};
		DBF8D91D9FB4820963051917 /* Views */ = {
			isa = PBXGroup;
			children = (
				1557E0B65574E189DBD7B0DA /* LibreLoopApplyHelpPagerView.swift */,
				2A9C3AF1D23EC9195402B7F5 /* LibreLoopApplySensorView.swift */,
				2428756BA5E08BDD15379DDA /* LibreLoopLifecycleBar.swift */,
				33CFBAA5CAD1D22D046B22FB /* LibreLoopRecoveryView.swift */,
				E32E882B939E1BC48A40A4C7 /* LibreLoopScanHelpPagerView.swift */,
				DEB7AB0D9CA13D06215D8CCA /* LibreLoopScanSensorView.swift */,
				100CE735F47D57B5FA7413C8 /* LibreLoopSettingsView.swift */,
			);
			name = Views;
			path = Views;
			sourceTree = "<group>";
		};
		DEF9B044D140F63CBC09F9E8 /* LibreLoop */ = {
			isa = PBXGroup;
			children = (
				31461C93707E9850DBE00F9A /* Common */,
				E67330D62BC0079B70F81C1A /* LibreLoopCGMManager */,
				0C30A92F257BE8860BF81535 /* Pairing */,
				042D753178B1F4A589964D73 /* Sensor */,
				8C7B1DAAED423449FA93A02C /* Resources */,
			);
			name = LibreLoop;
			path = LibreLoop;
			sourceTree = "<group>";
		};
		E67330D62BC0079B70F81C1A /* LibreLoopCGMManager */ = {
			isa = PBXGroup;
			children = (
				8452088B6268131D8F7114FE /* LibreLoopCGMManager+Observers.swift */,
				374B143DAEA016D4B7F94587 /* LibreLoopCGMManager.swift */,
				46D8E8DDDB5204E5C08C788E /* LibreLoopCGMManagerState.swift */,
			);
			name = LibreLoopCGMManager;
			path = LibreLoopCGMManager;
			sourceTree = "<group>";
		};
/* End PBXGroup section */

/* Begin PBXHeadersBuildPhase section */
		181474413AA931F6BA548FFE /* Headers */ = {
			isa = PBXHeadersBuildPhase;
			buildActionMask = 2147483647;
			files = (
			);
			runOnlyForDeploymentPostprocessing = 0;
		};
		2433F041958F566EE6FA2DB4 /* Headers */ = {
			isa = PBXHeadersBuildPhase;
			buildActionMask = 2147483647;
			files = (
			);
			runOnlyForDeploymentPostprocessing = 0;
		};
		4D28E268186C7AE41744262D /* Headers */ = {
			isa = PBXHeadersBuildPhase;
			buildActionMask = 2147483647;
			files = (
			);
			runOnlyForDeploymentPostprocessing = 0;
		};
/* End PBXHeadersBuildPhase section */

/* Begin PBXNativeTarget section */
		33D8D4A72CA19C7891308C07 /* LibreLoop */ = {
			isa = PBXNativeTarget;
			buildConfigurationList = 4B234F734B9FF592BCCF01B8 /* Build configuration list for PBXNativeTarget "LibreLoop" */;
			buildPhases = (
				2433F041958F566EE6FA2DB4 /* Headers */,
				35D34D7C0591C6AF2643C81D /* Sources */,
				C62F620A0F6B5C3F2BF718C1 /* Frameworks */,
				48B11DB2046D3379BE5B1BAF /* Resources */,
			);
			buildRules = (
			);
			dependencies = (
			);
			name = LibreLoop;
			packageProductDependencies = (
				5060451D8875EE84A2C2EE70 /* LibreCRKit */,
			);
			productName = LibreLoop;
			productReference = D6AEB8ABDC86115FE33BA32C /* LibreLoop.framework */;
			productType = "com.apple.product-type.framework";
		};
		497DD3917D775AF3C8964504 /* LibreLoopUI */ = {
			isa = PBXNativeTarget;
			buildConfigurationList = 7B030EA7D894A7CD17DDED91 /* Build configuration list for PBXNativeTarget "LibreLoopUI" */;
			buildPhases = (
				181474413AA931F6BA548FFE /* Headers */,
				8D8447D6CC52C0E7FE710EE2 /* Sources */,
				30E65382E2928EA728B88CF3 /* Frameworks */,
				F1CA759EA9E24DF9D5284ECD /* Resources */,
			);
			buildRules = (
			);
			dependencies = (
				D3BBB1B722A7EBE6D7EF905C /* PBXTargetDependency */,
			);
			name = LibreLoopUI;
			productName = LibreLoopUI;
			productReference = B3C3362F1B2A912F1258967D /* LibreLoopUI.framework */;
			productType = "com.apple.product-type.framework";
		};
		83C53EF6E53D802A81C302AD /* LibreLoopPlugin */ = {
			isa = PBXNativeTarget;
			buildConfigurationList = C806BD8F96585872C86EB197 /* Build configuration list for PBXNativeTarget "LibreLoopPlugin" */;
			buildPhases = (
				4D28E268186C7AE41744262D /* Headers */,
				C05280C4DCF3FDF5CCD2B81B /* Sources */,
				51971BC15269E946DE3FAC8E /* Frameworks */,
				370A2EF6878ABCA4A225F94E /* Resources */,
				96A94EFDFD433EF591395486 /* Embed Frameworks */,
			);
			buildRules = (
			);
			dependencies = (
				F139B92967ABB06E78E296C4 /* PBXTargetDependency */,
				31200C97165C291031BECD66 /* PBXTargetDependency */,
			);
			name = LibreLoopPlugin;
			productName = LibreLoopPlugin;
			productReference = B6755F8D75BCCBCCF619B34D /* LibreLoopPlugin.framework */;
			productType = "com.apple.product-type.framework";
		};
		DF65B605610D0F3476B35DF5 /* LibreLoopTests */ = {
			isa = PBXNativeTarget;
			buildConfigurationList = 119A2180AC418DB872D3CC85 /* Build configuration list for PBXNativeTarget "LibreLoopTests" */;
			buildPhases = (
				CF14926CFF3A24FA601D8B69 /* Sources */,
				9F81066DBD4BBCF7296172CC /* Frameworks */,
				C09480FBC4ACAFA2E01A4668 /* Resources */,
			);
			buildRules = (
			);
			dependencies = (
				7C446468BE08B9C31DFA9AB0 /* PBXTargetDependency */,
			);
			name = LibreLoopTests;
			productName = LibreLoopTests;
			productReference = DD5BA17BB5126A8AF8899C27 /* LibreLoopTests.xctest */;
			productType = "com.apple.product-type.bundle.unit-test";
		};
/* End PBXNativeTarget section */

/* Begin PBXProject section */
		3B4B2E98CBE2F3195601250A /* Project object */ = {
			isa = PBXProject;
			attributes = {
				LastSwiftUpdateCheck = 1600;
				LastUpgradeCheck = 1600;
			};
			buildConfigurationList = BBC3DDA754749FDB40F7F3FE /* Build configuration list for PBXProject "LibreLoop" */;
			compatibilityVersion = "Xcode 3.2";
			developmentRegion = en;
			hasScannedForEncodings = 0;
			knownRegions = (
				en,
				Base,
			);
			mainGroup = AD6958DE7CAA33FAF0BB700B;
			minimizedProjectReferenceProxies = 0;
			packageReferences = (
				D270D9B2F6E772B5A55EE492 /* XCRemoteSwiftPackageReference "LibreCRKit" */,
			);
			preferredProjectObjectVersion = 77;
			productRefGroup = 73E8E7F10C6CD7CB6CF666F7 /* Products */;
			projectDirPath = "";
			projectRoot = "";
			targets = (
				33D8D4A72CA19C7891308C07 /* LibreLoop */,
				497DD3917D775AF3C8964504 /* LibreLoopUI */,
				83C53EF6E53D802A81C302AD /* LibreLoopPlugin */,
				DF65B605610D0F3476B35DF5 /* LibreLoopTests */,
			);
		};
/* End PBXProject section */

/* Begin PBXResourcesBuildPhase section */
		370A2EF6878ABCA4A225F94E /* Resources */ = {
			isa = PBXResourcesBuildPhase;
			buildActionMask = 2147483647;
			files = (
			);
			runOnlyForDeploymentPostprocessing = 0;
		};
		48B11DB2046D3379BE5B1BAF /* Resources */ = {
			isa = PBXResourcesBuildPhase;
			buildActionMask = 2147483647;
			files = (
				C598F432366029891C73E423 /* LibreCRKit_LibreCRKit.bundle in Resources */,
				25E4D12BE3914B4768E893C0 /* phone_cert_162b.bin in Resources */,
			);
			runOnlyForDeploymentPostprocessing = 0;
		};
		C09480FBC4ACAFA2E01A4668 /* Resources */ = {
			isa = PBXResourcesBuildPhase;
			buildActionMask = 2147483647;
			files = (
			);
			runOnlyForDeploymentPostprocessing = 0;
		};
		F1CA759EA9E24DF9D5284ECD /* Resources */ = {
			isa = PBXResourcesBuildPhase;
			buildActionMask = 2147483647;
			files = (
			);
			runOnlyForDeploymentPostprocessing = 0;
		};
/* End PBXResourcesBuildPhase section */

/* Begin PBXSourcesBuildPhase section */
		35D34D7C0591C6AF2643C81D /* Sources */ = {
			isa = PBXSourcesBuildPhase;
			buildActionMask = 2147483647;
			files = (
				9996E24298FE449E27A307DC /* HKUnit.swift in Sources */,
				D1D783767818B2808146B3C6 /* LibreLoopFileLogger.swift in Sources */,
				0ABBFADC1693B9C197E086A1 /* LibreLoopCGMManager+Observers.swift in Sources */,
				F3EC60356F0D7FED4D06CF33 /* LibreLoopCGMManager.swift in Sources */,
				8360FC3C2ACF4C68DB3E7F15 /* LibreLoopCGMManagerState.swift in Sources */,
				461B3D7C97359D9104907C77 /* LibreLoopCGMManager+Pairing.swift in Sources */,
				9A362C00EFFBFE0207A6E867 /* LibreLoopKeychain.swift in Sources */,
				0BD449348D3A37F39E5E32DB /* LibreLoopPairingService.swift in Sources */,
				20C4F6A2A8380D39558FA97C /* LibreLoopGlucoseSample.swift in Sources */,
				738C370EFFDD9AF1FB8A6DF7 /* LibreLoopSensorLifecycle.swift in Sources */,
				BCE60BF7AB38047FADECD5C7 /* LibreLoopSensorMonitor.swift in Sources */,
			);
			runOnlyForDeploymentPostprocessing = 0;
		};
		8D8447D6CC52C0E7FE710EE2 /* Sources */ = {
			isa = PBXSourcesBuildPhase;
			buildActionMask = 2147483647;
			files = (
				A7DBC23B1AD8DBF8C5B9D287 /* LibreLoopCGMManager+UI.swift in Sources */,
				1EAB0EE447DFB31CA9CBF135 /* LibreLoopUICoordinator.swift in Sources */,
				A824B4A4F5CD70D5B01A4C82 /* LibreLoopPairingProgressView.swift in Sources */,
				B7AADA04930C2D1D69F75DEA /* LibreLoopPairingViewModel.swift in Sources */,
				79AC59290A75B4E47D90733C /* LibreLoopApplyHelpPagerView.swift in Sources */,
				20C94ADAF8925B373E51AF94 /* LibreLoopApplySensorView.swift in Sources */,
				1A4982D92949386D954F273B /* LibreLoopLifecycleBar.swift in Sources */,
				390C03E85584273C8F9DA1CA /* LibreLoopRecoveryView.swift in Sources */,
				6FFB5D8140E94F1533EE5855 /* LibreLoopScanHelpPagerView.swift in Sources */,
				A88C715A4341F74AEE7B5CF2 /* LibreLoopScanSensorView.swift in Sources */,
				215DA0295F6D024F90A01632 /* LibreLoopSettingsView.swift in Sources */,
			);
			runOnlyForDeploymentPostprocessing = 0;
		};
		C05280C4DCF3FDF5CCD2B81B /* Sources */ = {
			isa = PBXSourcesBuildPhase;
			buildActionMask = 2147483647;
			files = (
				78FC2DE3AA50ED0F525A69E9 /* LibreLoopPlugin.swift in Sources */,
			);
			runOnlyForDeploymentPostprocessing = 0;
		};
		CF14926CFF3A24FA601D8B69 /* Sources */ = {
			isa = PBXSourcesBuildPhase;
			buildActionMask = 2147483647;
			files = (
				38F2181DA33C69244A5F08C1 /* LibreLoopCGMManagerStateTests.swift in Sources */,
			);
			runOnlyForDeploymentPostprocessing = 0;
		};
/* End PBXSourcesBuildPhase section */

/* Begin PBXTargetDependency section */
		31200C97165C291031BECD66 /* PBXTargetDependency */ = {
			isa = PBXTargetDependency;
			name = LibreLoopUI;
			target = 497DD3917D775AF3C8964504 /* LibreLoopUI */;
			targetProxy = 8B53EEBF07B524982CD88550 /* PBXContainerItemProxy */;
		};
		7C446468BE08B9C31DFA9AB0 /* PBXTargetDependency */ = {
			isa = PBXTargetDependency;
			name = LibreLoop;
			target = 33D8D4A72CA19C7891308C07 /* LibreLoop */;
			targetProxy = CE737BE7813BA93E8236D578 /* PBXContainerItemProxy */;
		};
		D3BBB1B722A7EBE6D7EF905C /* PBXTargetDependency */ = {
			isa = PBXTargetDependency;
			name = LibreLoop;
			target = 33D8D4A72CA19C7891308C07 /* LibreLoop */;
			targetProxy = CCAC2CF48557879D1FFEBBA0 /* PBXContainerItemProxy */;
		};
		F139B92967ABB06E78E296C4 /* PBXTargetDependency */ = {
			isa = PBXTargetDependency;
			name = LibreLoop;
			target = 33D8D4A72CA19C7891308C07 /* LibreLoop */;
			targetProxy = 8A9E0DB827C977C400EA8024 /* PBXContainerItemProxy */;
		};
/* End PBXTargetDependency section */

/* Begin XCBuildConfiguration section */
		0AEDCD4C83E42A419636BB07 /* Release */ = {
			isa = XCBuildConfiguration;
			buildSettings = {
				CLANG_ENABLE_OBJC_WEAK = NO;
				GENERATE_INFOPLIST_FILE = YES;
				IPHONEOS_DEPLOYMENT_TARGET = 17.0;
				LD_RUNPATH_SEARCH_PATHS = "$(inherited) @executable_path/Frameworks @loader_path/Frameworks";
				PRODUCT_BUNDLE_IDENTIFIER = org.loopkit.LibreLoopTests;
				PRODUCT_NAME = "$(TARGET_NAME)";
				SDKROOT = iphoneos;
				SWIFT_VERSION = 5.0;
				TARGETED_DEVICE_FAMILY = 1;
				VALIDATE_PRODUCT = YES;
			};
			name = Release;
		};
		0E56C2DD563E75F589678F2F /* Debug */ = {
			isa = XCBuildConfiguration;
			buildSettings = {
				CLANG_ENABLE_OBJC_WEAK = NO;
				GENERATE_INFOPLIST_FILE = YES;
				IPHONEOS_DEPLOYMENT_TARGET = 17.0;
				LD_RUNPATH_SEARCH_PATHS = "$(inherited) @executable_path/Frameworks @loader_path/Frameworks";
				PRODUCT_BUNDLE_IDENTIFIER = org.loopkit.LibreLoopTests;
				PRODUCT_NAME = "$(TARGET_NAME)";
				SDKROOT = iphoneos;
				SWIFT_VERSION = 5.0;
				TARGETED_DEVICE_FAMILY = 1;
			};
			name = Debug;
		};
		2B596458E23EA24C1AE5A7C0 /* Debug */ = {
			isa = XCBuildConfiguration;
			buildSettings = {
				CLANG_ENABLE_OBJC_WEAK = NO;
				CURRENT_PROJECT_VERSION = 1;
				DEFINES_MODULE = YES;
				DYLIB_COMPATIBILITY_VERSION = 1;
				DYLIB_CURRENT_VERSION = 1;
				DYLIB_INSTALL_NAME_BASE = "@rpath";
				GENERATE_INFOPLIST_FILE = YES;
				INFOPLIST_KEY_NSHumanReadableCopyright = "Copyright © 2026 LoopKit Authors. All rights reserved.";
				INSTALL_PATH = "$(LOCAL_LIBRARY_DIR)/Frameworks";
				IPHONEOS_DEPLOYMENT_TARGET = 17.0;
				LD_RUNPATH_SEARCH_PATHS = "$(inherited) @executable_path/Frameworks @loader_path/Frameworks";
				MARKETING_VERSION = 1.0;
				PRODUCT_BUNDLE_IDENTIFIER = org.loopkit.LibreLoopUI;
				PRODUCT_NAME = "$(TARGET_NAME:c99extidentifier)";
				SDKROOT = iphoneos;
				SKIP_INSTALL = YES;
				TARGETED_DEVICE_FAMILY = 1;
				VERSIONING_SYSTEM = "apple-generic";
				VERSION_INFO_PREFIX = "";
			};
			name = Debug;
		};
		3AB7C77B07D69705156021DC /* Debug */ = {
			isa = XCBuildConfiguration;
			buildSettings = {
				CLANG_ENABLE_OBJC_WEAK = NO;
				CURRENT_PROJECT_VERSION = 1;
				DEFINES_MODULE = NO;
				DYLIB_COMPATIBILITY_VERSION = 1;
				DYLIB_CURRENT_VERSION = 1;
				DYLIB_INSTALL_NAME_BASE = "@rpath";
				GENERATE_INFOPLIST_FILE = NO;
				INFOPLIST_FILE = LibreLoopPlugin/Info.plist;
				INFOPLIST_KEY_NSHumanReadableCopyright = "Copyright © 2026 LoopKit Authors. All rights reserved.";
				INSTALL_PATH = "$(LOCAL_LIBRARY_DIR)/Frameworks";
				IPHONEOS_DEPLOYMENT_TARGET = 17.0;
				LD_RUNPATH_SEARCH_PATHS = "$(inherited) @executable_path/Frameworks @loader_path/Frameworks";
				MARKETING_VERSION = 1.0;
				PRODUCT_BUNDLE_IDENTIFIER = org.loopkit.LibreLoopPlugin;
				PRODUCT_NAME = "$(TARGET_NAME:c99extidentifier)";
				SDKROOT = iphoneos;
				SKIP_INSTALL = YES;
				TARGETED_DEVICE_FAMILY = 1;
				VERSIONING_SYSTEM = "apple-generic";
				VERSION_INFO_PREFIX = "";
				WRAPPER_EXTENSION = loopplugin;
			};
			name = Debug;
		};
		6513083F13979C488FF6509E /* Release */ = {
			isa = XCBuildConfiguration;
			buildSettings = {
				CLANG_ENABLE_OBJC_WEAK = NO;
				CURRENT_PROJECT_VERSION = 1;
				DEFINES_MODULE = NO;
				DYLIB_COMPATIBILITY_VERSION = 1;
				DYLIB_CURRENT_VERSION = 1;
				DYLIB_INSTALL_NAME_BASE = "@rpath";
				GENERATE_INFOPLIST_FILE = NO;
				INFOPLIST_FILE = LibreLoopPlugin/Info.plist;
				INFOPLIST_KEY_NSHumanReadableCopyright = "Copyright © 2026 LoopKit Authors. All rights reserved.";
				INSTALL_PATH = "$(LOCAL_LIBRARY_DIR)/Frameworks";
				IPHONEOS_DEPLOYMENT_TARGET = 17.0;
				LD_RUNPATH_SEARCH_PATHS = "$(inherited) @executable_path/Frameworks @loader_path/Frameworks";
				MARKETING_VERSION = 1.0;
				PRODUCT_BUNDLE_IDENTIFIER = org.loopkit.LibreLoopPlugin;
				PRODUCT_NAME = "$(TARGET_NAME:c99extidentifier)";
				SDKROOT = iphoneos;
				SKIP_INSTALL = YES;
				TARGETED_DEVICE_FAMILY = 1;
				VALIDATE_PRODUCT = YES;
				VERSIONING_SYSTEM = "apple-generic";
				VERSION_INFO_PREFIX = "";
				WRAPPER_EXTENSION = loopplugin;
			};
			name = Release;
		};
		6E9A1A503E8877BA465CAAE9 /* Release */ = {
			isa = XCBuildConfiguration;
			buildSettings = {
				CLANG_ENABLE_OBJC_WEAK = NO;
				CURRENT_PROJECT_VERSION = 1;
				DEFINES_MODULE = YES;
				DYLIB_COMPATIBILITY_VERSION = 1;
				DYLIB_CURRENT_VERSION = 1;
				DYLIB_INSTALL_NAME_BASE = "@rpath";
				GENERATE_INFOPLIST_FILE = YES;
				INFOPLIST_KEY_NSHumanReadableCopyright = "Copyright © 2026 LoopKit Authors. All rights reserved.";
				INSTALL_PATH = "$(LOCAL_LIBRARY_DIR)/Frameworks";
				IPHONEOS_DEPLOYMENT_TARGET = 17.0;
				LD_RUNPATH_SEARCH_PATHS = "$(inherited) @executable_path/Frameworks @loader_path/Frameworks";
				MARKETING_VERSION = 1.0;
				PRODUCT_BUNDLE_IDENTIFIER = org.loopkit.LibreLoopUI;
				PRODUCT_NAME = "$(TARGET_NAME:c99extidentifier)";
				SDKROOT = iphoneos;
				SKIP_INSTALL = YES;
				TARGETED_DEVICE_FAMILY = 1;
				VALIDATE_PRODUCT = YES;
				VERSIONING_SYSTEM = "apple-generic";
				VERSION_INFO_PREFIX = "";
			};
			name = Release;
		};
		8019F1B1A9FB903F15D3F2AE /* Debug */ = {
			isa = XCBuildConfiguration;
			buildSettings = {
				ALWAYS_SEARCH_USER_PATHS = NO;
				CLANG_ANALYZER_NONNULL = YES;
				CLANG_ANALYZER_NUMBER_OBJECT_CONVERSION = YES_AGGRESSIVE;
				CLANG_CXX_LANGUAGE_STANDARD = "gnu++20";
				CLANG_CXX_LIBRARY = "libc++";
				CLANG_ENABLE_MODULES = YES;
				CLANG_ENABLE_OBJC_ARC = YES;
				CLANG_ENABLE_OBJC_WEAK = YES;
				CLANG_WARN_BLOCK_CAPTURE_AUTORELEASING = YES;
				CLANG_WARN_BOOL_CONVERSION = YES;
				CLANG_WARN_COMMA = YES;
				CLANG_WARN_CONSTANT_CONVERSION = YES;
				CLANG_WARN_DEPRECATED_OBJC_IMPLEMENTATIONS = YES;
				CLANG_WARN_DIRECT_OBJC_ISA_USAGE = YES_ERROR;
				CLANG_WARN_DOCUMENTATION_COMMENTS = YES;
				CLANG_WARN_EMPTY_BODY = YES;
				CLANG_WARN_ENUM_CONVERSION = YES;
				CLANG_WARN_INFINITE_RECURSION = YES;
				CLANG_WARN_INT_CONVERSION = YES;
				CLANG_WARN_NON_LITERAL_NULL_CONVERSION = YES;
				CLANG_WARN_OBJC_IMPLICIT_RETAIN_SELF = YES;
				CLANG_WARN_OBJC_LITERAL_CONVERSION = YES;
				CLANG_WARN_OBJC_ROOT_CLASS = YES_ERROR;
				CLANG_WARN_QUOTED_INCLUDE_IN_FRAMEWORK_HEADER = YES;
				CLANG_WARN_RANGE_LOOP_ANALYSIS = YES;
				CLANG_WARN_STRICT_PROTOTYPES = YES;
				CLANG_WARN_SUSPICIOUS_MOVE = YES;
				CLANG_WARN_UNGUARDED_AVAILABILITY = YES_AGGRESSIVE;
				CLANG_WARN_UNREACHABLE_CODE = YES;
				CLANG_WARN__DUPLICATE_METHOD_MATCH = YES;
				COPY_PHASE_STRIP = NO;
				CURRENT_PROJECT_VERSION = 1;
				DEBUG_INFORMATION_FORMAT = dwarf;
				ENABLE_NS_ASSERTIONS = YES;
				ENABLE_STRICT_OBJC_MSGSEND = YES;
				ENABLE_TESTABILITY = YES;
				GCC_C_LANGUAGE_STANDARD = gnu11;
				GCC_DYNAMIC_NO_PIC = NO;
				GCC_NO_COMMON_BLOCKS = YES;
				GCC_OPTIMIZATION_LEVEL = 0;
				GCC_PREPROCESSOR_DEFINITIONS = (
					"DEBUG=1",
					"$(inherited)",
				);
				GCC_WARN_64_TO_32_BIT_CONVERSION = YES;
				GCC_WARN_ABOUT_RETURN_TYPE = YES_ERROR;
				GCC_WARN_UNDECLARED_SELECTOR = YES;
				GCC_WARN_UNINITIALIZED_AUTOS = YES_AGGRESSIVE;
				GCC_WARN_UNUSED_FUNCTION = YES;
				GCC_WARN_UNUSED_VARIABLE = YES;
				IPHONEOS_DEPLOYMENT_TARGET = 17.0;
				LOCALIZATION_PREFERS_STRING_CATALOGS = YES;
				LOCALIZED_STRING_MACRO_NAMES = "NSLocalizedString CFCopyLocalizedString LocalizedString";
				MTL_ENABLE_DEBUG_INFO = INCLUDE_SOURCE;
				MTL_FAST_MATH = YES;
				ONLY_ACTIVE_ARCH = YES;
				PRODUCT_NAME = "$(TARGET_NAME)";
				SWIFT_ACTIVE_COMPILATION_CONDITIONS = DEBUG;
				SWIFT_OPTIMIZATION_LEVEL = "-Onone";
				SWIFT_VERSION = 5.0;
				VERSIONING_SYSTEM = "apple-generic";
				VERSION_INFO_PREFIX = "";
			};
			name = Debug;
		};
		8556C70BCA1320E862847FE5 /* Release */ = {
			isa = XCBuildConfiguration;
			buildSettings = {
				ALWAYS_SEARCH_USER_PATHS = NO;
				CLANG_ANALYZER_NONNULL = YES;
				CLANG_ANALYZER_NUMBER_OBJECT_CONVERSION = YES_AGGRESSIVE;
				CLANG_CXX_LANGUAGE_STANDARD = "gnu++20";
				CLANG_CXX_LIBRARY = "libc++";
				CLANG_ENABLE_MODULES = YES;
				CLANG_ENABLE_OBJC_ARC = YES;
				CLANG_ENABLE_OBJC_WEAK = YES;
				CLANG_WARN_BLOCK_CAPTURE_AUTORELEASING = YES;
				CLANG_WARN_BOOL_CONVERSION = YES;
				CLANG_WARN_COMMA = YES;
				CLANG_WARN_CONSTANT_CONVERSION = YES;
				CLANG_WARN_DEPRECATED_OBJC_IMPLEMENTATIONS = YES;
				CLANG_WARN_DIRECT_OBJC_ISA_USAGE = YES_ERROR;
				CLANG_WARN_DOCUMENTATION_COMMENTS = YES;
				CLANG_WARN_EMPTY_BODY = YES;
				CLANG_WARN_ENUM_CONVERSION = YES;
				CLANG_WARN_INFINITE_RECURSION = YES;
				CLANG_WARN_INT_CONVERSION = YES;
				CLANG_WARN_NON_LITERAL_NULL_CONVERSION = YES;
				CLANG_WARN_OBJC_IMPLICIT_RETAIN_SELF = YES;
				CLANG_WARN_OBJC_LITERAL_CONVERSION = YES;
				CLANG_WARN_OBJC_ROOT_CLASS = YES_ERROR;
				CLANG_WARN_QUOTED_INCLUDE_IN_FRAMEWORK_HEADER = YES;
				CLANG_WARN_RANGE_LOOP_ANALYSIS = YES;
				CLANG_WARN_STRICT_PROTOTYPES = YES;
				CLANG_WARN_SUSPICIOUS_MOVE = YES;
				CLANG_WARN_UNGUARDED_AVAILABILITY = YES_AGGRESSIVE;
				CLANG_WARN_UNREACHABLE_CODE = YES;
				CLANG_WARN__DUPLICATE_METHOD_MATCH = YES;
				COPY_PHASE_STRIP = NO;
				CURRENT_PROJECT_VERSION = 1;
				DEBUG_INFORMATION_FORMAT = "dwarf-with-dsym";
				ENABLE_NS_ASSERTIONS = NO;
				ENABLE_STRICT_OBJC_MSGSEND = YES;
				GCC_C_LANGUAGE_STANDARD = gnu11;
				GCC_NO_COMMON_BLOCKS = YES;
				GCC_WARN_64_TO_32_BIT_CONVERSION = YES;
				GCC_WARN_ABOUT_RETURN_TYPE = YES_ERROR;
				GCC_WARN_UNDECLARED_SELECTOR = YES;
				GCC_WARN_UNINITIALIZED_AUTOS = YES_AGGRESSIVE;
				GCC_WARN_UNUSED_FUNCTION = YES;
				GCC_WARN_UNUSED_VARIABLE = YES;
				IPHONEOS_DEPLOYMENT_TARGET = 17.0;
				LOCALIZATION_PREFERS_STRING_CATALOGS = YES;
				LOCALIZED_STRING_MACRO_NAMES = "NSLocalizedString CFCopyLocalizedString LocalizedString";
				MTL_ENABLE_DEBUG_INFO = NO;
				MTL_FAST_MATH = YES;
				PRODUCT_NAME = "$(TARGET_NAME)";
				SWIFT_COMPILATION_MODE = wholemodule;
				SWIFT_OPTIMIZATION_LEVEL = "-O";
				SWIFT_VERSION = 5.0;
				VALIDATE_PRODUCT = YES;
				VERSIONING_SYSTEM = "apple-generic";
				VERSION_INFO_PREFIX = "";
			};
			name = Release;
		};
		E0F0363B3B3BC513258E7709 /* Debug */ = {
			isa = XCBuildConfiguration;
			buildSettings = {
				CLANG_ENABLE_OBJC_WEAK = NO;
				CURRENT_PROJECT_VERSION = 1;
				DEFINES_MODULE = YES;
				DYLIB_COMPATIBILITY_VERSION = 1;
				DYLIB_CURRENT_VERSION = 1;
				DYLIB_INSTALL_NAME_BASE = "@rpath";
				GENERATE_INFOPLIST_FILE = YES;
				INFOPLIST_KEY_NSHumanReadableCopyright = "Copyright © 2026 LoopKit Authors. All rights reserved.";
				INSTALL_PATH = "$(LOCAL_LIBRARY_DIR)/Frameworks";
				IPHONEOS_DEPLOYMENT_TARGET = 17.0;
				LD_RUNPATH_SEARCH_PATHS = "$(inherited) @executable_path/Frameworks @loader_path/Frameworks";
				MARKETING_VERSION = 1.0;
				PRODUCT_BUNDLE_IDENTIFIER = org.loopkit.LibreLoop;
				PRODUCT_NAME = "$(TARGET_NAME:c99extidentifier)";
				SDKROOT = iphoneos;
				SKIP_INSTALL = YES;
				TARGETED_DEVICE_FAMILY = 1;
				VERSIONING_SYSTEM = "apple-generic";
				VERSION_INFO_PREFIX = "";
			};
			name = Debug;
		};
		F1009FB5DC6ABEDCB94CB17F /* Release */ = {
			isa = XCBuildConfiguration;
			buildSettings = {
				CLANG_ENABLE_OBJC_WEAK = NO;
				CURRENT_PROJECT_VERSION = 1;
				DEFINES_MODULE = YES;
				DYLIB_COMPATIBILITY_VERSION = 1;
				DYLIB_CURRENT_VERSION = 1;
				DYLIB_INSTALL_NAME_BASE = "@rpath";
				GENERATE_INFOPLIST_FILE = YES;
				INFOPLIST_KEY_NSHumanReadableCopyright = "Copyright © 2026 LoopKit Authors. All rights reserved.";
				INSTALL_PATH = "$(LOCAL_LIBRARY_DIR)/Frameworks";
				IPHONEOS_DEPLOYMENT_TARGET = 17.0;
				LD_RUNPATH_SEARCH_PATHS = "$(inherited) @executable_path/Frameworks @loader_path/Frameworks";
				MARKETING_VERSION = 1.0;
				PRODUCT_BUNDLE_IDENTIFIER = org.loopkit.LibreLoop;
				PRODUCT_NAME = "$(TARGET_NAME:c99extidentifier)";
				SDKROOT = iphoneos;
				SKIP_INSTALL = YES;
				TARGETED_DEVICE_FAMILY = 1;
				VALIDATE_PRODUCT = YES;
				VERSIONING_SYSTEM = "apple-generic";
				VERSION_INFO_PREFIX = "";
			};
			name = Release;
		};
/* End XCBuildConfiguration section */

/* Begin XCConfigurationList section */
		119A2180AC418DB872D3CC85 /* Build configuration list for PBXNativeTarget "LibreLoopTests" */ = {
			isa = XCConfigurationList;
			buildConfigurations = (
				0AEDCD4C83E42A419636BB07 /* Release */,
				0E56C2DD563E75F589678F2F /* Debug */,
			);
			defaultConfigurationIsVisible = 0;
			defaultConfigurationName = Release;
		};
		4B234F734B9FF592BCCF01B8 /* Build configuration list for PBXNativeTarget "LibreLoop" */ = {
			isa = XCConfigurationList;
			buildConfigurations = (
				F1009FB5DC6ABEDCB94CB17F /* Release */,
				E0F0363B3B3BC513258E7709 /* Debug */,
			);
			defaultConfigurationIsVisible = 0;
			defaultConfigurationName = Release;
		};
		7B030EA7D894A7CD17DDED91 /* Build configuration list for PBXNativeTarget "LibreLoopUI" */ = {
			isa = XCConfigurationList;
			buildConfigurations = (
				6E9A1A503E8877BA465CAAE9 /* Release */,
				2B596458E23EA24C1AE5A7C0 /* Debug */,
			);
			defaultConfigurationIsVisible = 0;
			defaultConfigurationName = Release;
		};
		BBC3DDA754749FDB40F7F3FE /* Build configuration list for PBXProject "LibreLoop" */ = {
			isa = XCConfigurationList;
			buildConfigurations = (
				8019F1B1A9FB903F15D3F2AE /* Debug */,
				8556C70BCA1320E862847FE5 /* Release */,
			);
			defaultConfigurationIsVisible = 0;
			defaultConfigurationName = Release;
		};
		C806BD8F96585872C86EB197 /* Build configuration list for PBXNativeTarget "LibreLoopPlugin" */ = {
			isa = XCConfigurationList;
			buildConfigurations = (
				6513083F13979C488FF6509E /* Release */,
				3AB7C77B07D69705156021DC /* Debug */,
			);
			defaultConfigurationIsVisible = 0;
			defaultConfigurationName = Release;
		};
/* End XCConfigurationList section */

/* Begin XCRemoteSwiftPackageReference section */
		D270D9B2F6E772B5A55EE492 /* XCRemoteSwiftPackageReference "LibreCRKit" */ = {
			isa = XCRemoteSwiftPackageReference;
			repositoryURL = "https://github.com/airedev326/LibreCRKit.git";
			requirement = {
				kind = revision;
				revision = 60df7ec88441f43fb1105199666072e4567973e7;
			};
		};
/* End XCRemoteSwiftPackageReference section */

/* Begin XCSwiftPackageProductDependency section */
		5060451D8875EE84A2C2EE70 /* LibreCRKit */ = {
			isa = XCSwiftPackageProductDependency;
			package = D270D9B2F6E772B5A55EE492 /* XCRemoteSwiftPackageReference "LibreCRKit" */;
			productName = LibreCRKit;
		};
/* End XCSwiftPackageProductDependency section */
	};
	rootObject = 3B4B2E98CBE2F3195601250A /* Project object */;
}
