// !$*UTF8*$!
{
	archiveVersion = 1;
	classes = {
	};
	objectVersion = 46;
	objects = {

/* Begin PBXBuildFile section */
		02FD8A277262F7851F46ED82 /* LibreLoopCGMManager.swift in Sources */ = {isa = PBXBuildFile; fileRef = 01386BE12078F610327C2221 /* LibreLoopCGMManager.swift */; };
		062F97961A5B8FFC0D7792E5 /* LoopKitUI.framework in Frameworks */ = {isa = PBXBuildFile; fileRef = EEF3901D4DE071BC03639075 /* LoopKitUI.framework */; };
		07F77B85DBF4ADE0A5BAB0B5 /* LibreLoopApplySensorView.swift in Sources */ = {isa = PBXBuildFile; fileRef = E9F8419EAED008C0F4B02A70 /* LibreLoopApplySensorView.swift */; };
		0D2710BACF9020CE57C9CE69 /* LibreLoop.framework in Embed Frameworks */ = {isa = PBXBuildFile; fileRef = F4B6D17B2DA226B0137552E7 /* LibreLoop.framework */; settings = {ATTRIBUTES = (CodeSignOnCopy, RemoveHeadersOnCopy, ); }; };
		1703AA8BC120F16C8FC68C89 /* phone_cert_162b.bin in Resources */ = {isa = PBXBuildFile; fileRef = 7B1AA8EA7C30EA940EA02C11 /* phone_cert_162b.bin */; };
		19F99066C48A0EE10CB5D124 /* LibreLoopKeychain.swift in Sources */ = {isa = PBXBuildFile; fileRef = 28499B8F129C1C6DDCAA98A0 /* LibreLoopKeychain.swift */; };
		1E341EF9C18EE7E20B498F61 /* LibreLoopPairingViewModel.swift in Sources */ = {isa = PBXBuildFile; fileRef = A8342B8642FC35A5D1C2E01B /* LibreLoopPairingViewModel.swift */; };
		213E7C4C0053B722161CE77A /* LibreLoopScanHelpPagerView.swift in Sources */ = {isa = PBXBuildFile; fileRef = 038E2B8932C37C2C12634580 /* LibreLoopScanHelpPagerView.swift */; };
		283554DA9ED52390E254870C /* LibreLoop.framework in Frameworks */ = {isa = PBXBuildFile; fileRef = F4B6D17B2DA226B0137552E7 /* LibreLoop.framework */; };
		293EEFD91DA328B965866ECE /* LibreLoopPairingProgressView.swift in Sources */ = {isa = PBXBuildFile; fileRef = 52059CFA4807AA6D71772277 /* LibreLoopPairingProgressView.swift */; };
		2E9A953DC359C67114FF7F0E /* LibreLoopFileLogger.swift in Sources */ = {isa = PBXBuildFile; fileRef = C8F217A1912F170411D12C3F /* LibreLoopFileLogger.swift */; };
		456CB676DDEB3BBA30E76109 /* LibreLoopPairingService.swift in Sources */ = {isa = PBXBuildFile; fileRef = 3D9F018B0AC61C383F2DA49B /* LibreLoopPairingService.swift */; };
		48C9C9A51A1B59F27889116B /* LibreLoopCGMManager+Observers.swift in Sources */ = {isa = PBXBuildFile; fileRef = 4A946FF097CA17AD469AE7F1 /* LibreLoopCGMManager+Observers.swift */; };
		4AE763FACFB896D751579020 /* LibreLoopUI.framework in Frameworks */ = {isa = PBXBuildFile; fileRef = D072F36CE66670FB431205FA /* LibreLoopUI.framework */; };
		53570FA169073FF2973EA56B /* LibreLoopLifecycleBar.swift in Sources */ = {isa = PBXBuildFile; fileRef = D458E387D72D5970526D99F6 /* LibreLoopLifecycleBar.swift */; };
		5437E7C609A49BDD76E7731A /* LibreLoopSettingsView.swift in Sources */ = {isa = PBXBuildFile; fileRef = 81986193CF760AC6BE564299 /* LibreLoopSettingsView.swift */; };
		544F9E5B8FEC3D98F679E904 /* LibreLoop.framework in Frameworks */ = {isa = PBXBuildFile; fileRef = F4B6D17B2DA226B0137552E7 /* LibreLoop.framework */; };
		60E353219914142F48C6A55C /* LibreLoopApplyHelpPagerView.swift in Sources */ = {isa = PBXBuildFile; fileRef = DECD060DA4F243144E3A9609 /* LibreLoopApplyHelpPagerView.swift */; };
		6579187EBA86EFBBC0B7F82B /* LibreLoopSensorLifecycle.swift in Sources */ = {isa = PBXBuildFile; fileRef = 57D75C070530BD8C9171AD13 /* LibreLoopSensorLifecycle.swift */; };
		6A96C65AB43CF3FBEDCEA4F2 /* Foundation.framework in Frameworks */ = {isa = PBXBuildFile; fileRef = 07C46D53037159F6B6FD5F73 /* Foundation.framework */; };
		6C22F337AE21270645A9ABF8 /* LoopKitUI.framework in Frameworks */ = {isa = PBXBuildFile; fileRef = EEF3901D4DE071BC03639075 /* LoopKitUI.framework */; };
		6FE3D8EA3EC7DF5D986A6C1E /* LibreLoop.framework in Frameworks */ = {isa = PBXBuildFile; fileRef = F4B6D17B2DA226B0137552E7 /* LibreLoop.framework */; };
		77ED24CCCFD8F38F247D1821 /* LoopKit.framework in Frameworks */ = {isa = PBXBuildFile; fileRef = BE6E6CA0490F6F1880E9CA66 /* LoopKit.framework */; };
		7DE3EE3CEEF8E26CAB910200 /* LoopKit.framework in Frameworks */ = {isa = PBXBuildFile; fileRef = BE6E6CA0490F6F1880E9CA66 /* LoopKit.framework */; };
		846DB37E8D38A2265EEAA5A4 /* LibreLoopGlucoseSample.swift in Sources */ = {isa = PBXBuildFile; fileRef = D59BB1C62E43FB028CA4C1CC /* LibreLoopGlucoseSample.swift */; };
		88DC75DAFB5B6E2B1B9A0FE5 /* Foundation.framework in Frameworks */ = {isa = PBXBuildFile; fileRef = 07C46D53037159F6B6FD5F73 /* Foundation.framework */; };
		8B7277CB01F73512E099BA83 /* Foundation.framework in Frameworks */ = {isa = PBXBuildFile; fileRef = 07C46D53037159F6B6FD5F73 /* Foundation.framework */; };
		8B7704DC827D39050B7C970B /* LibreLoopUICoordinator.swift in Sources */ = {isa = PBXBuildFile; fileRef = DCB3F57C544C98FF0DB53F85 /* LibreLoopUICoordinator.swift */; };
		9277DDCDF7502B56BD52ECB1 /* LibreLoopUI.framework in Embed Frameworks */ = {isa = PBXBuildFile; fileRef = D072F36CE66670FB431205FA /* LibreLoopUI.framework */; settings = {ATTRIBUTES = (CodeSignOnCopy, RemoveHeadersOnCopy, ); }; };
		95B99E558633A0C8975F6851 /* LibreLoopRecoveryView.swift in Sources */ = {isa = PBXBuildFile; fileRef = E18879F0F54D64E070FCA406 /* LibreLoopRecoveryView.swift */; };
		A3B514D6EF91A301A493D93C /* LibreCRKit_LibreCRKit.bundle in Resources */ = {isa = PBXBuildFile; fileRef = 0DF9DA008E4A24A0B91D979E /* LibreCRKit_LibreCRKit.bundle */; };
		AA247436A44CECE1CC58FEE4 /* LoopKit.framework in Frameworks */ = {isa = PBXBuildFile; fileRef = BE6E6CA0490F6F1880E9CA66 /* LoopKit.framework */; };
		ADFB3FC5634582ACE8B5578A /* Foundation.framework in Frameworks */ = {isa = PBXBuildFile; fileRef = 07C46D53037159F6B6FD5F73 /* Foundation.framework */; };
		AF1688D6811133840D81083C /* LibreLoopScanSensorView.swift in Sources */ = {isa = PBXBuildFile; fileRef = A4E2CF9D75DE352564AA780E /* LibreLoopScanSensorView.swift */; };
		B176FBE4F640AC0C227E9EB6 /* LibreLoopCGMManager+Pairing.swift in Sources */ = {isa = PBXBuildFile; fileRef = 7314C21F3AEACEA797A7CDCB /* LibreLoopCGMManager+Pairing.swift */; };
		C9FD059A64D1B8ABE0415AB7 /* LibreLoopCGMManager+UI.swift in Sources */ = {isa = PBXBuildFile; fileRef = 23D9876F81B68828F3B88A91 /* LibreLoopCGMManager+UI.swift */; };
		CFEEB758AA7984C361158D89 /* LibreCRKit in Frameworks */ = {isa = PBXBuildFile; productRef = 2939FE0E050A302D7A443971 /* LibreCRKit */; };
		D037FE6AA7E4995D49214228 /* LibreLoopSensorMonitor.swift in Sources */ = {isa = PBXBuildFile; fileRef = 21E9B402F7B0C533CB11B22F /* LibreLoopSensorMonitor.swift */; };
		E60FC8A261C113CECED066F7 /* LibreLoopCGMManagerState.swift in Sources */ = {isa = PBXBuildFile; fileRef = 761BFC122D8EEB1301E06F42 /* LibreLoopCGMManagerState.swift */; };
		E8F8F024DD4E5574BDC9336D /* HKUnit.swift in Sources */ = {isa = PBXBuildFile; fileRef = CFCB4F151969FB0FE9392063 /* HKUnit.swift */; };
		EB1C5BEA22F8D03D2C959BD1 /* LibreLoopCGMManagerStateTests.swift in Sources */ = {isa = PBXBuildFile; fileRef = E1C15BE31AD1AB9293CF5168 /* LibreLoopCGMManagerStateTests.swift */; };
		EE57903EC78EC15428DEA547 /* LibreLoopPlugin.swift in Sources */ = {isa = PBXBuildFile; fileRef = A99FFD72BE878D908AEF7022 /* LibreLoopPlugin.swift */; };
/* End PBXBuildFile section */

/* Begin PBXContainerItemProxy section */
		271DAD75BDA7BFE164860B6C /* PBXContainerItemProxy */ = {
			isa = PBXContainerItemProxy;
			containerPortal = 32097D67174EE0454C6FC681 /* Project object */;
			proxyType = 1;
			remoteGlobalIDString = 4E445536B0D6F9952A300CEA;
			remoteInfo = LibreLoopUI;
		};
		72E2B77C5BCFA69D40CA61A5 /* PBXContainerItemProxy */ = {
			isa = PBXContainerItemProxy;
			containerPortal = 32097D67174EE0454C6FC681 /* Project object */;
			proxyType = 1;
			remoteGlobalIDString = 14EFEBCA220020CE17CF7632;
			remoteInfo = LibreLoop;
		};
		965D539C227C394C41FB4AC3 /* PBXContainerItemProxy */ = {
			isa = PBXContainerItemProxy;
			containerPortal = 32097D67174EE0454C6FC681 /* Project object */;
			proxyType = 1;
			remoteGlobalIDString = 14EFEBCA220020CE17CF7632;
			remoteInfo = LibreLoop;
		};
		C3DEDDE8876AE895BC423D6A /* PBXContainerItemProxy */ = {
			isa = PBXContainerItemProxy;
			containerPortal = 32097D67174EE0454C6FC681 /* Project object */;
			proxyType = 1;
			remoteGlobalIDString = 14EFEBCA220020CE17CF7632;
			remoteInfo = LibreLoop;
		};
/* End PBXContainerItemProxy section */

/* Begin PBXCopyFilesBuildPhase section */
		FE2FE9E5EE03AA582269E5EC /* Embed Frameworks */ = {
			isa = PBXCopyFilesBuildPhase;
			buildActionMask = 2147483647;
			dstPath = "";
			dstSubfolderSpec = 10;
			files = (
				0D2710BACF9020CE57C9CE69 /* LibreLoop.framework in Embed Frameworks */,
				9277DDCDF7502B56BD52ECB1 /* LibreLoopUI.framework in Embed Frameworks */,
			);
			name = "Embed Frameworks";
			runOnlyForDeploymentPostprocessing = 0;
		};
/* End PBXCopyFilesBuildPhase section */

/* Begin PBXFileReference section */
		01386BE12078F610327C2221 /* LibreLoopCGMManager.swift */ = {isa = PBXFileReference; includeInIndex = 1; lastKnownFileType = sourcecode.swift; path = LibreLoopCGMManager.swift; sourceTree = "<group>"; };
		038E2B8932C37C2C12634580 /* LibreLoopScanHelpPagerView.swift */ = {isa = PBXFileReference; includeInIndex = 1; lastKnownFileType = sourcecode.swift; path = LibreLoopScanHelpPagerView.swift; sourceTree = "<group>"; };
		07C46D53037159F6B6FD5F73 /* Foundation.framework */ = {isa = PBXFileReference; lastKnownFileType = wrapper.framework; name = Foundation.framework; path = Platforms/iPhoneOS.platform/Developer/SDKs/iPhoneOS18.0.sdk/System/Library/Frameworks/Foundation.framework; sourceTree = DEVELOPER_DIR; };
		0DF9DA008E4A24A0B91D979E /* LibreCRKit_LibreCRKit.bundle */ = {isa = PBXFileReference; includeInIndex = 0; lastKnownFileType = wrapper.cfbundle; path = LibreCRKit_LibreCRKit.bundle; sourceTree = BUILT_PRODUCTS_DIR; };
		19BBBD6325D44DF2643B8747 /* LibreLoopTests.xctest */ = {isa = PBXFileReference; explicitFileType = wrapper.cfbundle; includeInIndex = 0; path = LibreLoopTests.xctest; sourceTree = BUILT_PRODUCTS_DIR; };
		21E9B402F7B0C533CB11B22F /* LibreLoopSensorMonitor.swift */ = {isa = PBXFileReference; includeInIndex = 1; lastKnownFileType = sourcecode.swift; path = LibreLoopSensorMonitor.swift; sourceTree = "<group>"; };
		23D9876F81B68828F3B88A91 /* LibreLoopCGMManager+UI.swift */ = {isa = PBXFileReference; includeInIndex = 1; lastKnownFileType = sourcecode.swift; path = "LibreLoopCGMManager+UI.swift"; sourceTree = "<group>"; };
		28499B8F129C1C6DDCAA98A0 /* LibreLoopKeychain.swift */ = {isa = PBXFileReference; includeInIndex = 1; lastKnownFileType = sourcecode.swift; path = LibreLoopKeychain.swift; sourceTree = "<group>"; };
		3633880B0F62A27E98F0D357 /* XCTest.framework */ = {isa = PBXFileReference; lastKnownFileType = wrapper.framework; path = Platforms/iPhoneOS.platform/Developer/Library/Frameworks/XCTest.framework; sourceTree = DEVELOPER_DIR; };
		3D9F018B0AC61C383F2DA49B /* LibreLoopPairingService.swift */ = {isa = PBXFileReference; includeInIndex = 1; lastKnownFileType = sourcecode.swift; path = LibreLoopPairingService.swift; sourceTree = "<group>"; };
		4A946FF097CA17AD469AE7F1 /* LibreLoopCGMManager+Observers.swift */ = {isa = PBXFileReference; includeInIndex = 1; lastKnownFileType = sourcecode.swift; path = "LibreLoopCGMManager+Observers.swift"; sourceTree = "<group>"; };
		52059CFA4807AA6D71772277 /* LibreLoopPairingProgressView.swift */ = {isa = PBXFileReference; includeInIndex = 1; lastKnownFileType = sourcecode.swift; path = LibreLoopPairingProgressView.swift; sourceTree = "<group>"; };
		57D75C070530BD8C9171AD13 /* LibreLoopSensorLifecycle.swift */ = {isa = PBXFileReference; includeInIndex = 1; lastKnownFileType = sourcecode.swift; path = LibreLoopSensorLifecycle.swift; sourceTree = "<group>"; };
		5FA4383B5CC5F38CA5AE8C86 /* LICENSE */ = {isa = PBXFileReference; includeInIndex = 1; path = LICENSE; sourceTree = "<group>"; };
		6E7563C93995E28FAD0C31BB /* Info.plist */ = {isa = PBXFileReference; includeInIndex = 1; lastKnownFileType = text.plist.xml; path = Info.plist; sourceTree = "<group>"; };
		7314C21F3AEACEA797A7CDCB /* LibreLoopCGMManager+Pairing.swift */ = {isa = PBXFileReference; includeInIndex = 1; lastKnownFileType = sourcecode.swift; path = "LibreLoopCGMManager+Pairing.swift"; sourceTree = "<group>"; };
		761BFC122D8EEB1301E06F42 /* LibreLoopCGMManagerState.swift */ = {isa = PBXFileReference; includeInIndex = 1; lastKnownFileType = sourcecode.swift; path = LibreLoopCGMManagerState.swift; sourceTree = "<group>"; };
		7B1AA8EA7C30EA940EA02C11 /* phone_cert_162b.bin */ = {isa = PBXFileReference; includeInIndex = 1; path = phone_cert_162b.bin; sourceTree = "<group>"; };
		7E19F7D4AA1893EA1A99EA59 /* LibreLoopPlugin.framework */ = {isa = PBXFileReference; explicitFileType = wrapper.framework; includeInIndex = 0; path = LibreLoopPlugin.framework; sourceTree = BUILT_PRODUCTS_DIR; };
		81986193CF760AC6BE564299 /* LibreLoopSettingsView.swift */ = {isa = PBXFileReference; includeInIndex = 1; lastKnownFileType = sourcecode.swift; path = LibreLoopSettingsView.swift; sourceTree = "<group>"; };
		A4E2CF9D75DE352564AA780E /* LibreLoopScanSensorView.swift */ = {isa = PBXFileReference; includeInIndex = 1; lastKnownFileType = sourcecode.swift; path = LibreLoopScanSensorView.swift; sourceTree = "<group>"; };
		A8342B8642FC35A5D1C2E01B /* LibreLoopPairingViewModel.swift */ = {isa = PBXFileReference; includeInIndex = 1; lastKnownFileType = sourcecode.swift; path = LibreLoopPairingViewModel.swift; sourceTree = "<group>"; };
		A99FFD72BE878D908AEF7022 /* LibreLoopPlugin.swift */ = {isa = PBXFileReference; includeInIndex = 1; lastKnownFileType = sourcecode.swift; path = LibreLoopPlugin.swift; sourceTree = "<group>"; };
		BE6E6CA0490F6F1880E9CA66 /* LoopKit.framework */ = {isa = PBXFileReference; includeInIndex = 0; lastKnownFileType = wrapper.framework; path = LoopKit.framework; sourceTree = BUILT_PRODUCTS_DIR; };
		C1A8360AF6BA13C88329966F /* README.md */ = {isa = PBXFileReference; includeInIndex = 1; path = README.md; sourceTree = "<group>"; };
		C8F217A1912F170411D12C3F /* LibreLoopFileLogger.swift */ = {isa = PBXFileReference; includeInIndex = 1; lastKnownFileType = sourcecode.swift; path = LibreLoopFileLogger.swift; sourceTree = "<group>"; };
		CFCB4F151969FB0FE9392063 /* HKUnit.swift */ = {isa = PBXFileReference; includeInIndex = 1; lastKnownFileType = sourcecode.swift; path = HKUnit.swift; sourceTree = "<group>"; };
		D072F36CE66670FB431205FA /* LibreLoopUI.framework */ = {isa = PBXFileReference; explicitFileType = wrapper.framework; includeInIndex = 0; path = LibreLoopUI.framework; sourceTree = BUILT_PRODUCTS_DIR; };
		D458E387D72D5970526D99F6 /* LibreLoopLifecycleBar.swift */ = {isa = PBXFileReference; includeInIndex = 1; lastKnownFileType = sourcecode.swift; path = LibreLoopLifecycleBar.swift; sourceTree = "<group>"; };
		D59BB1C62E43FB028CA4C1CC /* LibreLoopGlucoseSample.swift */ = {isa = PBXFileReference; includeInIndex = 1; lastKnownFileType = sourcecode.swift; path = LibreLoopGlucoseSample.swift; sourceTree = "<group>"; };
		DCB3F57C544C98FF0DB53F85 /* LibreLoopUICoordinator.swift */ = {isa = PBXFileReference; includeInIndex = 1; lastKnownFileType = sourcecode.swift; path = LibreLoopUICoordinator.swift; sourceTree = "<group>"; };
		DECD060DA4F243144E3A9609 /* LibreLoopApplyHelpPagerView.swift */ = {isa = PBXFileReference; includeInIndex = 1; lastKnownFileType = sourcecode.swift; path = LibreLoopApplyHelpPagerView.swift; sourceTree = "<group>"; };
		E18879F0F54D64E070FCA406 /* LibreLoopRecoveryView.swift */ = {isa = PBXFileReference; includeInIndex = 1; lastKnownFileType = sourcecode.swift; path = LibreLoopRecoveryView.swift; sourceTree = "<group>"; };
		E1C15BE31AD1AB9293CF5168 /* LibreLoopCGMManagerStateTests.swift */ = {isa = PBXFileReference; includeInIndex = 1; lastKnownFileType = sourcecode.swift; path = LibreLoopCGMManagerStateTests.swift; sourceTree = "<group>"; };
		E9F8419EAED008C0F4B02A70 /* LibreLoopApplySensorView.swift */ = {isa = PBXFileReference; includeInIndex = 1; lastKnownFileType = sourcecode.swift; path = LibreLoopApplySensorView.swift; sourceTree = "<group>"; };
		EEF3901D4DE071BC03639075 /* LoopKitUI.framework */ = {isa = PBXFileReference; includeInIndex = 0; lastKnownFileType = wrapper.framework; path = LoopKitUI.framework; sourceTree = BUILT_PRODUCTS_DIR; };
		F4B6D17B2DA226B0137552E7 /* LibreLoop.framework */ = {isa = PBXFileReference; explicitFileType = wrapper.framework; includeInIndex = 0; path = LibreLoop.framework; sourceTree = BUILT_PRODUCTS_DIR; };
/* End PBXFileReference section */

/* Begin PBXFrameworksBuildPhase section */
		3602B16408329035F3DC5720 /* Frameworks */ = {
			isa = PBXFrameworksBuildPhase;
			buildActionMask = 2147483647;
			files = (
				8B7277CB01F73512E099BA83 /* Foundation.framework in Frameworks */,
				AA247436A44CECE1CC58FEE4 /* LoopKit.framework in Frameworks */,
				CFEEB758AA7984C361158D89 /* LibreCRKit in Frameworks */,
			);
			runOnlyForDeploymentPostprocessing = 0;
		};
		6686B5D60DDC292990B62AE5 /* Frameworks */ = {
			isa = PBXFrameworksBuildPhase;
			buildActionMask = 2147483647;
			files = (
				ADFB3FC5634582ACE8B5578A /* Foundation.framework in Frameworks */,
				283554DA9ED52390E254870C /* LibreLoop.framework in Frameworks */,
				77ED24CCCFD8F38F247D1821 /* LoopKit.framework in Frameworks */,
				062F97961A5B8FFC0D7792E5 /* LoopKitUI.framework in Frameworks */,
			);
			runOnlyForDeploymentPostprocessing = 0;
		};
		877547ED388B3FD12F2AA80A /* Frameworks */ = {
			isa = PBXFrameworksBuildPhase;
			buildActionMask = 2147483647;
			files = (
				88DC75DAFB5B6E2B1B9A0FE5 /* Foundation.framework in Frameworks */,
				544F9E5B8FEC3D98F679E904 /* LibreLoop.framework in Frameworks */,
				4AE763FACFB896D751579020 /* LibreLoopUI.framework in Frameworks */,
				7DE3EE3CEEF8E26CAB910200 /* LoopKit.framework in Frameworks */,
				6C22F337AE21270645A9ABF8 /* LoopKitUI.framework in Frameworks */,
			);
			runOnlyForDeploymentPostprocessing = 0;
		};
		A0A6EC52B0FCBFDBC2F09D4C /* Frameworks */ = {
			isa = PBXFrameworksBuildPhase;
			buildActionMask = 2147483647;
			files = (
				6A96C65AB43CF3FBEDCEA4F2 /* Foundation.framework in Frameworks */,
				6FE3D8EA3EC7DF5D986A6C1E /* LibreLoop.framework in Frameworks */,
			);
			runOnlyForDeploymentPostprocessing = 0;
		};
/* End PBXFrameworksBuildPhase section */

/* Begin PBXGroup section */
		106A6AA91BE0AEEADA93979B /* LibreLoopPlugin */ = {
			isa = PBXGroup;
			children = (
				A99FFD72BE878D908AEF7022 /* LibreLoopPlugin.swift */,
				6E7563C93995E28FAD0C31BB /* Info.plist */,
			);
			name = LibreLoopPlugin;
			path = LibreLoopPlugin;
			sourceTree = "<group>";
		};
		1575925965B9AF1DC40C3ED9 /* LibreLoopTests */ = {
			isa = PBXGroup;
			children = (
				E1C15BE31AD1AB9293CF5168 /* LibreLoopCGMManagerStateTests.swift */,
			);
			name = LibreLoopTests;
			path = LibreLoopTests;
			sourceTree = "<group>";
		};
		2AC28E6D5DB29AFFD17EE3D0 /* Common */ = {
			isa = PBXGroup;
			children = (
				CFCB4F151969FB0FE9392063 /* HKUnit.swift */,
				C8F217A1912F170411D12C3F /* LibreLoopFileLogger.swift */,
			);
			name = Common;
			path = Common;
			sourceTree = "<group>";
		};
		57ABA9E0868B6B6B26B13E53 /* LibreLoopCGMManager */ = {
			isa = PBXGroup;
			children = (
				23D9876F81B68828F3B88A91 /* LibreLoopCGMManager+UI.swift */,
				DCB3F57C544C98FF0DB53F85 /* LibreLoopUICoordinator.swift */,
			);
			name = LibreLoopCGMManager;
			path = LibreLoopCGMManager;
			sourceTree = "<group>";
		};
		7A2196653BDB5DE9973AF9CD /* LibreLoopUI */ = {
			isa = PBXGroup;
			children = (
				57ABA9E0868B6B6B26B13E53 /* LibreLoopCGMManager */,
				B4B7E9C0D4D4408EEB6047DB /* Pairing */,
				B89FA63000159B374613E462 /* Views */,
			);
			name = LibreLoopUI;
			path = LibreLoopUI;
			sourceTree = "<group>";
		};
		8E6A5983C2B0874E1BB943E0 /* iOS */ = {
			isa = PBXGroup;
			children = (
				07C46D53037159F6B6FD5F73 /* Foundation.framework */,
			);
			name = iOS;
			sourceTree = "<group>";
		};
		9F7038908475E357C2B58FC2 /* LibreLoop */ = {
			isa = PBXGroup;
			children = (
				2AC28E6D5DB29AFFD17EE3D0 /* Common */,
				B6A39BBC9E84E5EE87AA4B01 /* LibreLoopCGMManager */,
				A3E67028FC73119422072BFF /* Pairing */,
				C2018D005B92423653D9C535 /* Sensor */,
				BDCB78F203132361A61787B1 /* Resources */,
			);
			name = LibreLoop;
			path = LibreLoop;
			sourceTree = "<group>";
		};
		A3E67028FC73119422072BFF /* Pairing */ = {
			isa = PBXGroup;
			children = (
				7314C21F3AEACEA797A7CDCB /* LibreLoopCGMManager+Pairing.swift */,
				28499B8F129C1C6DDCAA98A0 /* LibreLoopKeychain.swift */,
				3D9F018B0AC61C383F2DA49B /* LibreLoopPairingService.swift */,
			);
			name = Pairing;
			path = Pairing;
			sourceTree = "<group>";
		};
		A8BBBAF50A1F2D6690AD0A2C /* Frameworks */ = {
			isa = PBXGroup;
			children = (
				BE6E6CA0490F6F1880E9CA66 /* LoopKit.framework */,
				EEF3901D4DE071BC03639075 /* LoopKitUI.framework */,
				3633880B0F62A27E98F0D357 /* XCTest.framework */,
				8E6A5983C2B0874E1BB943E0 /* iOS */,
				0DF9DA008E4A24A0B91D979E /* LibreCRKit_LibreCRKit.bundle */,
			);
			name = Frameworks;
			sourceTree = "<group>";
		};
		B4B7E9C0D4D4408EEB6047DB /* Pairing */ = {
			isa = PBXGroup;
			children = (
				52059CFA4807AA6D71772277 /* LibreLoopPairingProgressView.swift */,
				A8342B8642FC35A5D1C2E01B /* LibreLoopPairingViewModel.swift */,
			);
			name = Pairing;
			path = Pairing;
			sourceTree = "<group>";
		};
		B6A39BBC9E84E5EE87AA4B01 /* LibreLoopCGMManager */ = {
			isa = PBXGroup;
			children = (
				4A946FF097CA17AD469AE7F1 /* LibreLoopCGMManager+Observers.swift */,
				01386BE12078F610327C2221 /* LibreLoopCGMManager.swift */,
				761BFC122D8EEB1301E06F42 /* LibreLoopCGMManagerState.swift */,
			);
			name = LibreLoopCGMManager;
			path = LibreLoopCGMManager;
			sourceTree = "<group>";
		};
		B89FA63000159B374613E462 /* Views */ = {
			isa = PBXGroup;
			children = (
				DECD060DA4F243144E3A9609 /* LibreLoopApplyHelpPagerView.swift */,
				E9F8419EAED008C0F4B02A70 /* LibreLoopApplySensorView.swift */,
				D458E387D72D5970526D99F6 /* LibreLoopLifecycleBar.swift */,
				E18879F0F54D64E070FCA406 /* LibreLoopRecoveryView.swift */,
				038E2B8932C37C2C12634580 /* LibreLoopScanHelpPagerView.swift */,
				A4E2CF9D75DE352564AA780E /* LibreLoopScanSensorView.swift */,
				81986193CF760AC6BE564299 /* LibreLoopSettingsView.swift */,
			);
			name = Views;
			path = Views;
			sourceTree = "<group>";
		};
		BDCB78F203132361A61787B1 /* Resources */ = {
			isa = PBXGroup;
			children = (
				7B1AA8EA7C30EA940EA02C11 /* phone_cert_162b.bin */,
			);
			name = Resources;
			path = LibreLoop/Resources;
			sourceTree = SOURCE_ROOT;
		};
		C2018D005B92423653D9C535 /* Sensor */ = {
			isa = PBXGroup;
			children = (
				D59BB1C62E43FB028CA4C1CC /* LibreLoopGlucoseSample.swift */,
				57D75C070530BD8C9171AD13 /* LibreLoopSensorLifecycle.swift */,
				21E9B402F7B0C533CB11B22F /* LibreLoopSensorMonitor.swift */,
			);
			name = Sensor;
			path = Sensor;
			sourceTree = "<group>";
		};
		D5FD0F86907D42E4FB34DBB2 /* Products */ = {
			isa = PBXGroup;
			children = (
				F4B6D17B2DA226B0137552E7 /* LibreLoop.framework */,
				D072F36CE66670FB431205FA /* LibreLoopUI.framework */,
				7E19F7D4AA1893EA1A99EA59 /* LibreLoopPlugin.framework */,
				19BBBD6325D44DF2643B8747 /* LibreLoopTests.xctest */,
			);
			name = Products;
			sourceTree = "<group>";
		};
		E5536128782D8F787429207E = {
			isa = PBXGroup;
			children = (
				D5FD0F86907D42E4FB34DBB2 /* Products */,
				A8BBBAF50A1F2D6690AD0A2C /* Frameworks */,
				9F7038908475E357C2B58FC2 /* LibreLoop */,
				7A2196653BDB5DE9973AF9CD /* LibreLoopUI */,
				106A6AA91BE0AEEADA93979B /* LibreLoopPlugin */,
				1575925965B9AF1DC40C3ED9 /* LibreLoopTests */,
				5FA4383B5CC5F38CA5AE8C86 /* LICENSE */,
				C1A8360AF6BA13C88329966F /* README.md */,
			);
			sourceTree = "<group>";
		};
/* End PBXGroup section */

/* Begin PBXHeadersBuildPhase section */
		43449BDAD72E3F18F0C7596D /* Headers */ = {
			isa = PBXHeadersBuildPhase;
			buildActionMask = 2147483647;
			files = (
			);
			runOnlyForDeploymentPostprocessing = 0;
		};
		7EEEA6CBA5B0F97D0069731C /* Headers */ = {
			isa = PBXHeadersBuildPhase;
			buildActionMask = 2147483647;
			files = (
			);
			runOnlyForDeploymentPostprocessing = 0;
		};
		E9FA6E946D955528697383A0 /* Headers */ = {
			isa = PBXHeadersBuildPhase;
			buildActionMask = 2147483647;
			files = (
			);
			runOnlyForDeploymentPostprocessing = 0;
		};
/* End PBXHeadersBuildPhase section */

/* Begin PBXNativeTarget section */
		14EFEBCA220020CE17CF7632 /* LibreLoop */ = {
			isa = PBXNativeTarget;
			buildConfigurationList = 603CFA548C97C4A61D7297D8 /* Build configuration list for PBXNativeTarget "LibreLoop" */;
			buildPhases = (
				E9FA6E946D955528697383A0 /* Headers */,
				E3E3EE0D46ADFDF692976DBC /* Sources */,
				3602B16408329035F3DC5720 /* Frameworks */,
				30B02988B22FBBD7205A6215 /* Resources */,
			);
			buildRules = (
			);
			dependencies = (
			);
			name = LibreLoop;
			packageProductDependencies = (
				2939FE0E050A302D7A443971 /* LibreCRKit */,
			);
			productName = LibreLoop;
			productReference = F4B6D17B2DA226B0137552E7 /* LibreLoop.framework */;
			productType = "com.apple.product-type.framework";
		};
		4E445536B0D6F9952A300CEA /* LibreLoopUI */ = {
			isa = PBXNativeTarget;
			buildConfigurationList = 938C60FF54991CD8442C04EA /* Build configuration list for PBXNativeTarget "LibreLoopUI" */;
			buildPhases = (
				7EEEA6CBA5B0F97D0069731C /* Headers */,
				47CEBF0C07A04F2E181464D9 /* Sources */,
				6686B5D60DDC292990B62AE5 /* Frameworks */,
				1F34960BBE89D9579EB6D721 /* Resources */,
			);
			buildRules = (
			);
			dependencies = (
				FF32CD02EED95840E38DC64C /* PBXTargetDependency */,
			);
			name = LibreLoopUI;
			productName = LibreLoopUI;
			productReference = D072F36CE66670FB431205FA /* LibreLoopUI.framework */;
			productType = "com.apple.product-type.framework";
		};
		58AFF6F43BCCE7152819FAAE /* LibreLoopPlugin */ = {
			isa = PBXNativeTarget;
			buildConfigurationList = 8AF2EAFCDDC6658AFF45345A /* Build configuration list for PBXNativeTarget "LibreLoopPlugin" */;
			buildPhases = (
				43449BDAD72E3F18F0C7596D /* Headers */,
				2F2D88AB77D6ED247A3A668D /* Sources */,
				877547ED388B3FD12F2AA80A /* Frameworks */,
				E2379480B4EBAAEB8BA43DE8 /* Resources */,
				FE2FE9E5EE03AA582269E5EC /* Embed Frameworks */,
			);
			buildRules = (
			);
			dependencies = (
				E499D968764490336A622039 /* PBXTargetDependency */,
				C03827358A3C2971FB7D35A4 /* PBXTargetDependency */,
			);
			name = LibreLoopPlugin;
			productName = LibreLoopPlugin;
			productReference = 7E19F7D4AA1893EA1A99EA59 /* LibreLoopPlugin.framework */;
			productType = "com.apple.product-type.framework";
		};
		F5A168686C9623EB5A79A5B6 /* LibreLoopTests */ = {
			isa = PBXNativeTarget;
			buildConfigurationList = 61D49EB683DC1CE46E022E2C /* Build configuration list for PBXNativeTarget "LibreLoopTests" */;
			buildPhases = (
				58E89619E374AF6C5C47153E /* Sources */,
				A0A6EC52B0FCBFDBC2F09D4C /* Frameworks */,
				94A87300AAD44958B39820DD /* Resources */,
			);
			buildRules = (
			);
			dependencies = (
				0D8B1E5F0C7299B5AB18B279 /* PBXTargetDependency */,
			);
			name = LibreLoopTests;
			productName = LibreLoopTests;
			productReference = 19BBBD6325D44DF2643B8747 /* LibreLoopTests.xctest */;
			productType = "com.apple.product-type.bundle.unit-test";
		};
/* End PBXNativeTarget section */

/* Begin PBXProject section */
		32097D67174EE0454C6FC681 /* Project object */ = {
			isa = PBXProject;
			attributes = {
				LastSwiftUpdateCheck = 1600;
				LastUpgradeCheck = 1600;
			};
			buildConfigurationList = A98D023EC5D96A64E1DC5FA9 /* Build configuration list for PBXProject "LibreLoop" */;
			compatibilityVersion = "Xcode 3.2";
			developmentRegion = en;
			hasScannedForEncodings = 0;
			knownRegions = (
				en,
				Base,
			);
			mainGroup = E5536128782D8F787429207E;
			minimizedProjectReferenceProxies = 0;
			packageReferences = (
				87754B830A21C41A3B283DFF /* XCRemoteSwiftPackageReference "LibreCRKit" */,
			);
			preferredProjectObjectVersion = 77;
			productRefGroup = D5FD0F86907D42E4FB34DBB2 /* Products */;
			projectDirPath = "";
			projectRoot = "";
			targets = (
				14EFEBCA220020CE17CF7632 /* LibreLoop */,
				4E445536B0D6F9952A300CEA /* LibreLoopUI */,
				58AFF6F43BCCE7152819FAAE /* LibreLoopPlugin */,
				F5A168686C9623EB5A79A5B6 /* LibreLoopTests */,
			);
		};
/* End PBXProject section */

/* Begin PBXResourcesBuildPhase section */
		1F34960BBE89D9579EB6D721 /* Resources */ = {
			isa = PBXResourcesBuildPhase;
			buildActionMask = 2147483647;
			files = (
			);
			runOnlyForDeploymentPostprocessing = 0;
		};
		30B02988B22FBBD7205A6215 /* Resources */ = {
			isa = PBXResourcesBuildPhase;
			buildActionMask = 2147483647;
			files = (
				A3B514D6EF91A301A493D93C /* LibreCRKit_LibreCRKit.bundle in Resources */,
				1703AA8BC120F16C8FC68C89 /* phone_cert_162b.bin in Resources */,
			);
			runOnlyForDeploymentPostprocessing = 0;
		};
		94A87300AAD44958B39820DD /* Resources */ = {
			isa = PBXResourcesBuildPhase;
			buildActionMask = 2147483647;
			files = (
			);
			runOnlyForDeploymentPostprocessing = 0;
		};
		E2379480B4EBAAEB8BA43DE8 /* Resources */ = {
			isa = PBXResourcesBuildPhase;
			buildActionMask = 2147483647;
			files = (
			);
			runOnlyForDeploymentPostprocessing = 0;
		};
/* End PBXResourcesBuildPhase section */

/* Begin PBXSourcesBuildPhase section */
		2F2D88AB77D6ED247A3A668D /* Sources */ = {
			isa = PBXSourcesBuildPhase;
			buildActionMask = 2147483647;
			files = (
				EE57903EC78EC15428DEA547 /* LibreLoopPlugin.swift in Sources */,
			);
			runOnlyForDeploymentPostprocessing = 0;
		};
		47CEBF0C07A04F2E181464D9 /* Sources */ = {
			isa = PBXSourcesBuildPhase;
			buildActionMask = 2147483647;
			files = (
				C9FD059A64D1B8ABE0415AB7 /* LibreLoopCGMManager+UI.swift in Sources */,
				8B7704DC827D39050B7C970B /* LibreLoopUICoordinator.swift in Sources */,
				293EEFD91DA328B965866ECE /* LibreLoopPairingProgressView.swift in Sources */,
				1E341EF9C18EE7E20B498F61 /* LibreLoopPairingViewModel.swift in Sources */,
				60E353219914142F48C6A55C /* LibreLoopApplyHelpPagerView.swift in Sources */,
				07F77B85DBF4ADE0A5BAB0B5 /* LibreLoopApplySensorView.swift in Sources */,
				53570FA169073FF2973EA56B /* LibreLoopLifecycleBar.swift in Sources */,
				95B99E558633A0C8975F6851 /* LibreLoopRecoveryView.swift in Sources */,
				213E7C4C0053B722161CE77A /* LibreLoopScanHelpPagerView.swift in Sources */,
				AF1688D6811133840D81083C /* LibreLoopScanSensorView.swift in Sources */,
				5437E7C609A49BDD76E7731A /* LibreLoopSettingsView.swift in Sources */,
			);
			runOnlyForDeploymentPostprocessing = 0;
		};
		58E89619E374AF6C5C47153E /* Sources */ = {
			isa = PBXSourcesBuildPhase;
			buildActionMask = 2147483647;
			files = (
				EB1C5BEA22F8D03D2C959BD1 /* LibreLoopCGMManagerStateTests.swift in Sources */,
			);
			runOnlyForDeploymentPostprocessing = 0;
		};
		E3E3EE0D46ADFDF692976DBC /* Sources */ = {
			isa = PBXSourcesBuildPhase;
			buildActionMask = 2147483647;
			files = (
				E8F8F024DD4E5574BDC9336D /* HKUnit.swift in Sources */,
				2E9A953DC359C67114FF7F0E /* LibreLoopFileLogger.swift in Sources */,
				48C9C9A51A1B59F27889116B /* LibreLoopCGMManager+Observers.swift in Sources */,
				02FD8A277262F7851F46ED82 /* LibreLoopCGMManager.swift in Sources */,
				E60FC8A261C113CECED066F7 /* LibreLoopCGMManagerState.swift in Sources */,
				B176FBE4F640AC0C227E9EB6 /* LibreLoopCGMManager+Pairing.swift in Sources */,
				19F99066C48A0EE10CB5D124 /* LibreLoopKeychain.swift in Sources */,
				456CB676DDEB3BBA30E76109 /* LibreLoopPairingService.swift in Sources */,
				846DB37E8D38A2265EEAA5A4 /* LibreLoopGlucoseSample.swift in Sources */,
				6579187EBA86EFBBC0B7F82B /* LibreLoopSensorLifecycle.swift in Sources */,
				D037FE6AA7E4995D49214228 /* LibreLoopSensorMonitor.swift in Sources */,
			);
			runOnlyForDeploymentPostprocessing = 0;
		};
/* End PBXSourcesBuildPhase section */

/* Begin PBXTargetDependency section */
		0D8B1E5F0C7299B5AB18B279 /* PBXTargetDependency */ = {
			isa = PBXTargetDependency;
			name = LibreLoop;
			target = 14EFEBCA220020CE17CF7632 /* LibreLoop */;
			targetProxy = 72E2B77C5BCFA69D40CA61A5 /* PBXContainerItemProxy */;
		};
		C03827358A3C2971FB7D35A4 /* PBXTargetDependency */ = {
			isa = PBXTargetDependency;
			name = LibreLoopUI;
			target = 4E445536B0D6F9952A300CEA /* LibreLoopUI */;
			targetProxy = 271DAD75BDA7BFE164860B6C /* PBXContainerItemProxy */;
		};
		E499D968764490336A622039 /* PBXTargetDependency */ = {
			isa = PBXTargetDependency;
			name = LibreLoop;
			target = 14EFEBCA220020CE17CF7632 /* LibreLoop */;
			targetProxy = C3DEDDE8876AE895BC423D6A /* PBXContainerItemProxy */;
		};
		FF32CD02EED95840E38DC64C /* PBXTargetDependency */ = {
			isa = PBXTargetDependency;
			name = LibreLoop;
			target = 14EFEBCA220020CE17CF7632 /* LibreLoop */;
			targetProxy = 965D539C227C394C41FB4AC3 /* PBXContainerItemProxy */;
		};
/* End PBXTargetDependency section */

/* Begin XCBuildConfiguration section */
		08FFB29623F11F03170EF0F3 /* Release */ = {
			isa = XCBuildConfiguration;
			buildSettings = {
				CLANG_ENABLE_OBJC_WEAK = NO;
				CURRENT_PROJECT_VERSION = 1;
				DEFINES_MODULE = YES;
				DYLIB_COMPATIBILITY_VERSION = 1;
				DYLIB_CURRENT_VERSION = 1;
				DYLIB_INSTALL_NAME_BASE = "@rpath";
				GENERATE_INFOPLIST_FILE = YES;
				INFOPLIST_KEY_NSHumanReadableCopyright = "Copyright © 2026 LoopKit Authors. All rights reserved.";
				INSTALL_PATH = "$(LOCAL_LIBRARY_DIR)/Frameworks";
				IPHONEOS_DEPLOYMENT_TARGET = 17.0;
				LD_RUNPATH_SEARCH_PATHS = "$(inherited) @executable_path/Frameworks @loader_path/Frameworks";
				MARKETING_VERSION = 1.0;
				PRODUCT_BUNDLE_IDENTIFIER = org.loopkit.LibreLoopUI;
				PRODUCT_NAME = "$(TARGET_NAME:c99extidentifier)";
				SDKROOT = iphoneos;
				SKIP_INSTALL = YES;
				TARGETED_DEVICE_FAMILY = 1;
				VALIDATE_PRODUCT = YES;
				VERSIONING_SYSTEM = "apple-generic";
				VERSION_INFO_PREFIX = "";
			};
			name = Release;
		};
		0E6147E47F8E7C4DA7442629 /* Debug */ = {
			isa = XCBuildConfiguration;
			buildSettings = {
				CLANG_ENABLE_OBJC_WEAK = NO;
				CURRENT_PROJECT_VERSION = 1;
				DEFINES_MODULE = YES;
				DYLIB_COMPATIBILITY_VERSION = 1;
				DYLIB_CURRENT_VERSION = 1;
				DYLIB_INSTALL_NAME_BASE = "@rpath";
				GENERATE_INFOPLIST_FILE = YES;
				INFOPLIST_KEY_NSHumanReadableCopyright = "Copyright © 2026 LoopKit Authors. All rights reserved.";
				INSTALL_PATH = "$(LOCAL_LIBRARY_DIR)/Frameworks";
				IPHONEOS_DEPLOYMENT_TARGET = 17.0;
				LD_RUNPATH_SEARCH_PATHS = "$(inherited) @executable_path/Frameworks @loader_path/Frameworks";
				MARKETING_VERSION = 1.0;
				PRODUCT_BUNDLE_IDENTIFIER = org.loopkit.LibreLoop;
				PRODUCT_NAME = "$(TARGET_NAME:c99extidentifier)";
				SDKROOT = iphoneos;
				SKIP_INSTALL = YES;
				TARGETED_DEVICE_FAMILY = 1;
				VERSIONING_SYSTEM = "apple-generic";
				VERSION_INFO_PREFIX = "";
			};
			name = Debug;
		};
		4180680675588ED34F11B4AF /* Debug */ = {
			isa = XCBuildConfiguration;
			buildSettings = {
				ALWAYS_SEARCH_USER_PATHS = NO;
				CLANG_ANALYZER_NONNULL = YES;
				CLANG_ANALYZER_NUMBER_OBJECT_CONVERSION = YES_AGGRESSIVE;
				CLANG_CXX_LANGUAGE_STANDARD = "gnu++20";
				CLANG_CXX_LIBRARY = "libc++";
				CLANG_ENABLE_MODULES = YES;
				CLANG_ENABLE_OBJC_ARC = YES;
				CLANG_ENABLE_OBJC_WEAK = YES;
				CLANG_WARN_BLOCK_CAPTURE_AUTORELEASING = YES;
				CLANG_WARN_BOOL_CONVERSION = YES;
				CLANG_WARN_COMMA = YES;
				CLANG_WARN_CONSTANT_CONVERSION = YES;
				CLANG_WARN_DEPRECATED_OBJC_IMPLEMENTATIONS = YES;
				CLANG_WARN_DIRECT_OBJC_ISA_USAGE = YES_ERROR;
				CLANG_WARN_DOCUMENTATION_COMMENTS = YES;
				CLANG_WARN_EMPTY_BODY = YES;
				CLANG_WARN_ENUM_CONVERSION = YES;
				CLANG_WARN_INFINITE_RECURSION = YES;
				CLANG_WARN_INT_CONVERSION = YES;
				CLANG_WARN_NON_LITERAL_NULL_CONVERSION = YES;
				CLANG_WARN_OBJC_IMPLICIT_RETAIN_SELF = YES;
				CLANG_WARN_OBJC_LITERAL_CONVERSION = YES;
				CLANG_WARN_OBJC_ROOT_CLASS = YES_ERROR;
				CLANG_WARN_QUOTED_INCLUDE_IN_FRAMEWORK_HEADER = YES;
				CLANG_WARN_RANGE_LOOP_ANALYSIS = YES;
				CLANG_WARN_STRICT_PROTOTYPES = YES;
				CLANG_WARN_SUSPICIOUS_MOVE = YES;
				CLANG_WARN_UNGUARDED_AVAILABILITY = YES_AGGRESSIVE;
				CLANG_WARN_UNREACHABLE_CODE = YES;
				CLANG_WARN__DUPLICATE_METHOD_MATCH = YES;
				COPY_PHASE_STRIP = NO;
				CURRENT_PROJECT_VERSION = 1;
				DEBUG_INFORMATION_FORMAT = dwarf;
				ENABLE_NS_ASSERTIONS = YES;
				ENABLE_STRICT_OBJC_MSGSEND = YES;
				ENABLE_TESTABILITY = YES;
				GCC_C_LANGUAGE_STANDARD = gnu11;
				GCC_DYNAMIC_NO_PIC = NO;
				GCC_NO_COMMON_BLOCKS = YES;
				GCC_OPTIMIZATION_LEVEL = 0;
				GCC_PREPROCESSOR_DEFINITIONS = (
					"DEBUG=1",
					"$(inherited)",
				);
				GCC_WARN_64_TO_32_BIT_CONVERSION = YES;
				GCC_WARN_ABOUT_RETURN_TYPE = YES_ERROR;
				GCC_WARN_UNDECLARED_SELECTOR = YES;
				GCC_WARN_UNINITIALIZED_AUTOS = YES_AGGRESSIVE;
				GCC_WARN_UNUSED_FUNCTION = YES;
				GCC_WARN_UNUSED_VARIABLE = YES;
				IPHONEOS_DEPLOYMENT_TARGET = 17.0;
				LOCALIZATION_PREFERS_STRING_CATALOGS = YES;
				LOCALIZED_STRING_MACRO_NAMES = "NSLocalizedString CFCopyLocalizedString LocalizedString";
				MTL_ENABLE_DEBUG_INFO = INCLUDE_SOURCE;
				MTL_FAST_MATH = YES;
				ONLY_ACTIVE_ARCH = YES;
				PRODUCT_NAME = "$(TARGET_NAME)";
				SWIFT_ACTIVE_COMPILATION_CONDITIONS = DEBUG;
				SWIFT_OPTIMIZATION_LEVEL = "-Onone";
				SWIFT_VERSION = 5.0;
				VERSIONING_SYSTEM = "apple-generic";
				VERSION_INFO_PREFIX = "";
			};
			name = Debug;
		};
		78EA5BC891D633606F9FD298 /* Debug */ = {
			isa = XCBuildConfiguration;
			buildSettings = {
				CLANG_ENABLE_OBJC_WEAK = NO;
				GENERATE_INFOPLIST_FILE = YES;
				IPHONEOS_DEPLOYMENT_TARGET = 17.0;
				LD_RUNPATH_SEARCH_PATHS = "$(inherited) @executable_path/Frameworks @loader_path/Frameworks";
				PRODUCT_BUNDLE_IDENTIFIER = org.loopkit.LibreLoopTests;
				PRODUCT_NAME = "$(TARGET_NAME)";
				SDKROOT = iphoneos;
				SWIFT_VERSION = 5.0;
				TARGETED_DEVICE_FAMILY = 1;
			};
			name = Debug;
		};
		90DA4545CCD21A16A7432397 /* Release */ = {
			isa = XCBuildConfiguration;
			buildSettings = {
				CLANG_ENABLE_OBJC_WEAK = NO;
				CURRENT_PROJECT_VERSION = 1;
				DEFINES_MODULE = YES;
				DYLIB_COMPATIBILITY_VERSION = 1;
				DYLIB_CURRENT_VERSION = 1;
				DYLIB_INSTALL_NAME_BASE = "@rpath";
				GENERATE_INFOPLIST_FILE = YES;
				INFOPLIST_KEY_NSHumanReadableCopyright = "Copyright © 2026 LoopKit Authors. All rights reserved.";
				INSTALL_PATH = "$(LOCAL_LIBRARY_DIR)/Frameworks";
				IPHONEOS_DEPLOYMENT_TARGET = 17.0;
				LD_RUNPATH_SEARCH_PATHS = "$(inherited) @executable_path/Frameworks @loader_path/Frameworks";
				MARKETING_VERSION = 1.0;
				PRODUCT_BUNDLE_IDENTIFIER = org.loopkit.LibreLoop;
				PRODUCT_NAME = "$(TARGET_NAME:c99extidentifier)";
				SDKROOT = iphoneos;
				SKIP_INSTALL = YES;
				TARGETED_DEVICE_FAMILY = 1;
				VALIDATE_PRODUCT = YES;
				VERSIONING_SYSTEM = "apple-generic";
				VERSION_INFO_PREFIX = "";
			};
			name = Release;
		};
		9686FC4DC29BA4716E6862A8 /* Release */ = {
			isa = XCBuildConfiguration;
			buildSettings = {
				CLANG_ENABLE_OBJC_WEAK = NO;
				GENERATE_INFOPLIST_FILE = YES;
				IPHONEOS_DEPLOYMENT_TARGET = 17.0;
				LD_RUNPATH_SEARCH_PATHS = "$(inherited) @executable_path/Frameworks @loader_path/Frameworks";
				PRODUCT_BUNDLE_IDENTIFIER = org.loopkit.LibreLoopTests;
				PRODUCT_NAME = "$(TARGET_NAME)";
				SDKROOT = iphoneos;
				SWIFT_VERSION = 5.0;
				TARGETED_DEVICE_FAMILY = 1;
				VALIDATE_PRODUCT = YES;
			};
			name = Release;
		};
		C09C1A911CAF2D2158373F44 /* Release */ = {
			isa = XCBuildConfiguration;
			buildSettings = {
				ALWAYS_SEARCH_USER_PATHS = NO;
				CLANG_ANALYZER_NONNULL = YES;
				CLANG_ANALYZER_NUMBER_OBJECT_CONVERSION = YES_AGGRESSIVE;
				CLANG_CXX_LANGUAGE_STANDARD = "gnu++20";
				CLANG_CXX_LIBRARY = "libc++";
				CLANG_ENABLE_MODULES = YES;
				CLANG_ENABLE_OBJC_ARC = YES;
				CLANG_ENABLE_OBJC_WEAK = YES;
				CLANG_WARN_BLOCK_CAPTURE_AUTORELEASING = YES;
				CLANG_WARN_BOOL_CONVERSION = YES;
				CLANG_WARN_COMMA = YES;
				CLANG_WARN_CONSTANT_CONVERSION = YES;
				CLANG_WARN_DEPRECATED_OBJC_IMPLEMENTATIONS = YES;
				CLANG_WARN_DIRECT_OBJC_ISA_USAGE = YES_ERROR;
				CLANG_WARN_DOCUMENTATION_COMMENTS = YES;
				CLANG_WARN_EMPTY_BODY = YES;
				CLANG_WARN_ENUM_CONVERSION = YES;
				CLANG_WARN_INFINITE_RECURSION = YES;
				CLANG_WARN_INT_CONVERSION = YES;
				CLANG_WARN_NON_LITERAL_NULL_CONVERSION = YES;
				CLANG_WARN_OBJC_IMPLICIT_RETAIN_SELF = YES;
				CLANG_WARN_OBJC_LITERAL_CONVERSION = YES;
				CLANG_WARN_OBJC_ROOT_CLASS = YES_ERROR;
				CLANG_WARN_QUOTED_INCLUDE_IN_FRAMEWORK_HEADER = YES;
				CLANG_WARN_RANGE_LOOP_ANALYSIS = YES;
				CLANG_WARN_STRICT_PROTOTYPES = YES;
				CLANG_WARN_SUSPICIOUS_MOVE = YES;
				CLANG_WARN_UNGUARDED_AVAILABILITY = YES_AGGRESSIVE;
				CLANG_WARN_UNREACHABLE_CODE = YES;
				CLANG_WARN__DUPLICATE_METHOD_MATCH = YES;
				COPY_PHASE_STRIP = NO;
				CURRENT_PROJECT_VERSION = 1;
				DEBUG_INFORMATION_FORMAT = "dwarf-with-dsym";
				ENABLE_NS_ASSERTIONS = NO;
				ENABLE_STRICT_OBJC_MSGSEND = YES;
				GCC_C_LANGUAGE_STANDARD = gnu11;
				GCC_NO_COMMON_BLOCKS = YES;
				GCC_WARN_64_TO_32_BIT_CONVERSION = YES;
				GCC_WARN_ABOUT_RETURN_TYPE = YES_ERROR;
				GCC_WARN_UNDECLARED_SELECTOR = YES;
				GCC_WARN_UNINITIALIZED_AUTOS = YES_AGGRESSIVE;
				GCC_WARN_UNUSED_FUNCTION = YES;
				GCC_WARN_UNUSED_VARIABLE = YES;
				IPHONEOS_DEPLOYMENT_TARGET = 17.0;
				LOCALIZATION_PREFERS_STRING_CATALOGS = YES;
				LOCALIZED_STRING_MACRO_NAMES = "NSLocalizedString CFCopyLocalizedString LocalizedString";
				MTL_ENABLE_DEBUG_INFO = NO;
				MTL_FAST_MATH = YES;
				PRODUCT_NAME = "$(TARGET_NAME)";
				SWIFT_COMPILATION_MODE = wholemodule;
				SWIFT_OPTIMIZATION_LEVEL = "-O";
				SWIFT_VERSION = 5.0;
				VALIDATE_PRODUCT = YES;
				VERSIONING_SYSTEM = "apple-generic";
				VERSION_INFO_PREFIX = "";
			};
			name = Release;
		};
		C7E9F6EAA595965E53DE393E /* Debug */ = {
			isa = XCBuildConfiguration;
			buildSettings = {
				CLANG_ENABLE_OBJC_WEAK = NO;
				CURRENT_PROJECT_VERSION = 1;
				DEFINES_MODULE = YES;
				DYLIB_COMPATIBILITY_VERSION = 1;
				DYLIB_CURRENT_VERSION = 1;
				DYLIB_INSTALL_NAME_BASE = "@rpath";
				GENERATE_INFOPLIST_FILE = YES;
				INFOPLIST_KEY_NSHumanReadableCopyright = "Copyright © 2026 LoopKit Authors. All rights reserved.";
				INSTALL_PATH = "$(LOCAL_LIBRARY_DIR)/Frameworks";
				IPHONEOS_DEPLOYMENT_TARGET = 17.0;
				LD_RUNPATH_SEARCH_PATHS = "$(inherited) @executable_path/Frameworks @loader_path/Frameworks";
				MARKETING_VERSION = 1.0;
				PRODUCT_BUNDLE_IDENTIFIER = org.loopkit.LibreLoopUI;
				PRODUCT_NAME = "$(TARGET_NAME:c99extidentifier)";
				SDKROOT = iphoneos;
				SKIP_INSTALL = YES;
				TARGETED_DEVICE_FAMILY = 1;
				VERSIONING_SYSTEM = "apple-generic";
				VERSION_INFO_PREFIX = "";
			};
			name = Debug;
		};
		E37B217AC80C156DF4F25993 /* Debug */ = {
			isa = XCBuildConfiguration;
			buildSettings = {
				CLANG_ENABLE_OBJC_WEAK = NO;
				CURRENT_PROJECT_VERSION = 1;
				DEFINES_MODULE = NO;
				DYLIB_COMPATIBILITY_VERSION = 1;
				DYLIB_CURRENT_VERSION = 1;
				DYLIB_INSTALL_NAME_BASE = "@rpath";
				GENERATE_INFOPLIST_FILE = NO;
				INFOPLIST_FILE = LibreLoopPlugin/Info.plist;
				INFOPLIST_KEY_NSHumanReadableCopyright = "Copyright © 2026 LoopKit Authors. All rights reserved.";
				INSTALL_PATH = "$(LOCAL_LIBRARY_DIR)/Frameworks";
				IPHONEOS_DEPLOYMENT_TARGET = 17.0;
				LD_RUNPATH_SEARCH_PATHS = "$(inherited) @executable_path/Frameworks @loader_path/Frameworks";
				MARKETING_VERSION = 1.0;
				PRODUCT_BUNDLE_IDENTIFIER = org.loopkit.LibreLoopPlugin;
				PRODUCT_NAME = "$(TARGET_NAME:c99extidentifier)";
				SDKROOT = iphoneos;
				SKIP_INSTALL = YES;
				TARGETED_DEVICE_FAMILY = 1;
				VERSIONING_SYSTEM = "apple-generic";
				VERSION_INFO_PREFIX = "";
				WRAPPER_EXTENSION = loopplugin;
			};
			name = Debug;
		};
		F5232E713D0D8C70F5BBB8E8 /* Release */ = {
			isa = XCBuildConfiguration;
			buildSettings = {
				CLANG_ENABLE_OBJC_WEAK = NO;
				CURRENT_PROJECT_VERSION = 1;
				DEFINES_MODULE = NO;
				DYLIB_COMPATIBILITY_VERSION = 1;
				DYLIB_CURRENT_VERSION = 1;
				DYLIB_INSTALL_NAME_BASE = "@rpath";
				GENERATE_INFOPLIST_FILE = NO;
				INFOPLIST_FILE = LibreLoopPlugin/Info.plist;
				INFOPLIST_KEY_NSHumanReadableCopyright = "Copyright © 2026 LoopKit Authors. All rights reserved.";
				INSTALL_PATH = "$(LOCAL_LIBRARY_DIR)/Frameworks";
				IPHONEOS_DEPLOYMENT_TARGET = 17.0;
				LD_RUNPATH_SEARCH_PATHS = "$(inherited) @executable_path/Frameworks @loader_path/Frameworks";
				MARKETING_VERSION = 1.0;
				PRODUCT_BUNDLE_IDENTIFIER = org.loopkit.LibreLoopPlugin;
				PRODUCT_NAME = "$(TARGET_NAME:c99extidentifier)";
				SDKROOT = iphoneos;
				SKIP_INSTALL = YES;
				TARGETED_DEVICE_FAMILY = 1;
				VALIDATE_PRODUCT = YES;
				VERSIONING_SYSTEM = "apple-generic";
				VERSION_INFO_PREFIX = "";
				WRAPPER_EXTENSION = loopplugin;
			};
			name = Release;
		};
/* End XCBuildConfiguration section */

/* Begin XCConfigurationList section */
		603CFA548C97C4A61D7297D8 /* Build configuration list for PBXNativeTarget "LibreLoop" */ = {
			isa = XCConfigurationList;
			buildConfigurations = (
				90DA4545CCD21A16A7432397 /* Release */,
				0E6147E47F8E7C4DA7442629 /* Debug */,
			);
			defaultConfigurationIsVisible = 0;
			defaultConfigurationName = Release;
		};
		61D49EB683DC1CE46E022E2C /* Build configuration list for PBXNativeTarget "LibreLoopTests" */ = {
			isa = XCConfigurationList;
			buildConfigurations = (
				9686FC4DC29BA4716E6862A8 /* Release */,
				78EA5BC891D633606F9FD298 /* Debug */,
			);
			defaultConfigurationIsVisible = 0;
			defaultConfigurationName = Release;
		};
		8AF2EAFCDDC6658AFF45345A /* Build configuration list for PBXNativeTarget "LibreLoopPlugin" */ = {
			isa = XCConfigurationList;
			buildConfigurations = (
				F5232E713D0D8C70F5BBB8E8 /* Release */,
				E37B217AC80C156DF4F25993 /* Debug */,
			);
			defaultConfigurationIsVisible = 0;
			defaultConfigurationName = Release;
		};
		938C60FF54991CD8442C04EA /* Build configuration list for PBXNativeTarget "LibreLoopUI" */ = {
			isa = XCConfigurationList;
			buildConfigurations = (
				08FFB29623F11F03170EF0F3 /* Release */,
				C7E9F6EAA595965E53DE393E /* Debug */,
			);
			defaultConfigurationIsVisible = 0;
			defaultConfigurationName = Release;
		};
		A98D023EC5D96A64E1DC5FA9 /* Build configuration list for PBXProject "LibreLoop" */ = {
			isa = XCConfigurationList;
			buildConfigurations = (
				4180680675588ED34F11B4AF /* Debug */,
				C09C1A911CAF2D2158373F44 /* Release */,
			);
			defaultConfigurationIsVisible = 0;
			defaultConfigurationName = Release;
		};
/* End XCConfigurationList section */

/* Begin XCRemoteSwiftPackageReference section */
		87754B830A21C41A3B283DFF /* XCRemoteSwiftPackageReference "LibreCRKit" */ = {
			isa = XCRemoteSwiftPackageReference;
			repositoryURL = "https://github.com/loopkitdev/LibreCRKit.git";
			requirement = {
				kind = revision;
				revision = df1e09c808ff694ee2d94f7d4f4957da6d68fb0b;
			};
		};
/* End XCRemoteSwiftPackageReference section */

/* Begin XCSwiftPackageProductDependency section */
		2939FE0E050A302D7A443971 /* LibreCRKit */ = {
			isa = XCSwiftPackageProductDependency;
			package = 87754B830A21C41A3B283DFF /* XCRemoteSwiftPackageReference "LibreCRKit" */;
			productName = LibreCRKit;
		};
/* End XCSwiftPackageProductDependency section */
	};
	rootObject = 32097D67174EE0454C6FC681 /* Project object */;
}
